// !$*UTF8*$!
{
	archiveVersion = 1;
	classes = {
	};
	objectVersion = 52;
	objects = {

/* Begin PBXBuildFile section */
		6D00FE6D255014A5000ED344 /* AuthorizationPage.swift in Sources */ = {isa = PBXBuildFile; fileRef = 6D00FE6C255014A5000ED344 /* AuthorizationPage.swift */; };
		6D00FE7125501921000ED344 /* ITLabApp.swift in Sources */ = {isa = PBXBuildFile; fileRef = 6D00FE7025501921000ED344 /* ITLabApp.swift */; };
		6D0193B52608A58D00346849 /* AppDelegate.swift in Sources */ = {isa = PBXBuildFile; fileRef = 6D0193B42608A58D00346849 /* AppDelegate.swift */; };
		6D18429C252347D100B95EBB /* MainMenu.swift in Sources */ = {isa = PBXBuildFile; fileRef = 6D18429B252347D100B95EBB /* MainMenu.swift */; };
		6D18A1E9252C8CE2002B0B3C /* EventsPage.swift in Sources */ = {isa = PBXBuildFile; fileRef = 6D18A1E8252C8CE2002B0B3C /* EventsPage.swift */; };
		6D2AB2802533686000AFCDBB /* EventDescription.swift in Sources */ = {isa = PBXBuildFile; fileRef = 6D2AB27F2533686000AFCDBB /* EventDescription.swift */; };
		6D2AB28425337AEB00AFCDBB /* DownView.bundle in Resources */ = {isa = PBXBuildFile; fileRef = 6D2AB28325337AEB00AFCDBB /* DownView.bundle */; };
		6D2D860B2629DE5A00E98E0A /* PushNotification in Frameworks */ = {isa = PBXBuildFile; productRef = 6D2D860A2629DE5A00E98E0A /* PushNotification */; };
		6D357CEB2539BF9A000B0F60 /* LaunchScreen.storyboard in Resources */ = {isa = PBXBuildFile; fileRef = 6D357CEA2539BF9A000B0F60 /* LaunchScreen.storyboard */; };
		6D3EC19A264EAA2100DE67D3 /* ColorPaletterView.swift in Sources */ = {isa = PBXBuildFile; fileRef = 6D3EC199264EAA2100DE67D3 /* ColorPaletterView.swift */; };
		6D3EC19F264EAA9900DE67D3 /* ColorPaletteObservable.swift in Sources */ = {isa = PBXBuildFile; fileRef = 6D3EC19E264EAA9900DE67D3 /* ColorPaletteObservable.swift */; };
		6D3EC1A2264EADE600DE67D3 /* EventsObservable.swift in Sources */ = {isa = PBXBuildFile; fileRef = 6D3EC1A1264EADE600DE67D3 /* EventsObservable.swift */; };
		6D3EC1A4264EB09200DE67D3 /* EventsStack.swift in Sources */ = {isa = PBXBuildFile; fileRef = 6D3EC1A3264EB09200DE67D3 /* EventsStack.swift */; };
		6D5074252530F2BA00679B4C /* Down in Frameworks */ = {isa = PBXBuildFile; productRef = 6D5074242530F2BA00679B4C /* Down */; };
		6D5DE58B25B5A16B003ED6DA /* ProfilePage.swift in Sources */ = {isa = PBXBuildFile; fileRef = 6D5DE58A25B5A16B003ED6DA /* ProfilePage.swift */; };
		6D77A1C0252F5EE60086A360 /* EventPage.swift in Sources */ = {isa = PBXBuildFile; fileRef = 6D77A1BF252F5EE60086A360 /* EventPage.swift */; };
		6D9A0C692518EBB2007796CD /* Assets.xcassets in Resources */ = {isa = PBXBuildFile; fileRef = 6D9A0C682518EBB2007796CD /* Assets.xcassets */; };
		6D9A0C6C2518EBB2007796CD /* Preview Assets.xcassets in Resources */ = {isa = PBXBuildFile; fileRef = 6D9A0C6B2518EBB2007796CD /* Preview Assets.xcassets */; };
		6DA91A40256283AC00F13191 /* Contact.swift in Sources */ = {isa = PBXBuildFile; fileRef = 6DA91A3F256283AC00F13191 /* Contact.swift */; };
		6DB50B8C265D0008002AD1FB /* SearchBar.swift in Sources */ = {isa = PBXBuildFile; fileRef = 6DB50B8B265D0008002AD1FB /* SearchBar.swift */; };
		6DB50B8E265D004A002AD1FB /* UsersList.swift in Sources */ = {isa = PBXBuildFile; fileRef = 6DB50B8D265D004A002AD1FB /* UsersList.swift */; };
		6DB6E847265D0B89008B9EAD /* ProjectsMenuPage.swift in Sources */ = {isa = PBXBuildFile; fileRef = 6DB6E846265D0B89008B9EAD /* ProjectsMenuPage.swift */; };
		6DB6E84B265D0DA0008B9EAD /* ReportsModel.swift in Sources */ = {isa = PBXBuildFile; fileRef = 6DB6E84A265D0DA0008B9EAD /* ReportsModel.swift */; };
		6DB6E84E265D0F67008B9EAD /* ReportsObservable.swift in Sources */ = {isa = PBXBuildFile; fileRef = 6DB6E84D265D0F67008B9EAD /* ReportsObservable.swift */; };
		6DB6E850265D21BC008B9EAD /* ReportsPage.swift in Sources */ = {isa = PBXBuildFile; fileRef = 6DB6E84F265D21BC008B9EAD /* ReportsPage.swift */; };
		6DB6E852265D37CF008B9EAD /* ReportApprovedModel.swift in Sources */ = {isa = PBXBuildFile; fileRef = 6DB6E851265D37CF008B9EAD /* ReportApprovedModel.swift */; };
		6DB6E854265D5B5A008B9EAD /* ReportPage.swift in Sources */ = {isa = PBXBuildFile; fileRef = 6DB6E853265D5B5A008B9EAD /* ReportPage.swift */; };
		6DD40949265D6A8000917B2C /* Markdown.swift in Sources */ = {isa = PBXBuildFile; fileRef = 6DD40948265D6A8000917B2C /* Markdown.swift */; };
		6DDD81C8252DF78B008CE80A /* APIHelper.swift in Sources */ = {isa = PBXBuildFile; fileRef = 6DDD8178252DF78B008CE80A /* APIHelper.swift */; };
		6DDD81C9252DF78B008CE80A /* AlamofireImplementations.swift in Sources */ = {isa = PBXBuildFile; fileRef = 6DDD8179252DF78B008CE80A /* AlamofireImplementations.swift */; };
		6DDD81CA252DF78B008CE80A /* JSONValue.swift in Sources */ = {isa = PBXBuildFile; fileRef = 6DDD817A252DF78B008CE80A /* JSONValue.swift */; };
		6DDD81CB252DF78B008CE80A /* UserAPI.swift in Sources */ = {isa = PBXBuildFile; fileRef = 6DDD817C252DF78B008CE80A /* UserAPI.swift */; };
		6DDD81CC252DF78B008CE80A /* EventAPI.swift in Sources */ = {isa = PBXBuildFile; fileRef = 6DDD817D252DF78B008CE80A /* EventAPI.swift */; };
		6DDD81CD252DF78B008CE80A /* RolesAPI.swift in Sources */ = {isa = PBXBuildFile; fileRef = 6DDD817E252DF78B008CE80A /* RolesAPI.swift */; };
		6DDD81CE252DF78B008CE80A /* SummaryAPI.swift in Sources */ = {isa = PBXBuildFile; fileRef = 6DDD817F252DF78B008CE80A /* SummaryAPI.swift */; };
		6DDD81CF252DF78B008CE80A /* EventTypeAPI.swift in Sources */ = {isa = PBXBuildFile; fileRef = 6DDD8180252DF78B008CE80A /* EventTypeAPI.swift */; };
		6DDD81D0252DF78B008CE80A /* UserPropertyAPI.swift in Sources */ = {isa = PBXBuildFile; fileRef = 6DDD8181252DF78B008CE80A /* UserPropertyAPI.swift */; };
		6DDD81D1252DF78B008CE80A /* AccountAPI.swift in Sources */ = {isa = PBXBuildFile; fileRef = 6DDD8182252DF78B008CE80A /* AccountAPI.swift */; };
		6DDD81D2252DF78B008CE80A /* UserSettingsAPI.swift in Sources */ = {isa = PBXBuildFile; fileRef = 6DDD8183252DF78B008CE80A /* UserSettingsAPI.swift */; };
		6DDD81D3252DF78B008CE80A /* UserPropertyTypeAPI.swift in Sources */ = {isa = PBXBuildFile; fileRef = 6DDD8184252DF78B008CE80A /* UserPropertyTypeAPI.swift */; };
		6DDD81D4252DF78B008CE80A /* AboutAPI.swift in Sources */ = {isa = PBXBuildFile; fileRef = 6DDD8185252DF78B008CE80A /* AboutAPI.swift */; };
		6DDD81D5252DF78B008CE80A /* EventRoleAPI.swift in Sources */ = {isa = PBXBuildFile; fileRef = 6DDD8186252DF78B008CE80A /* EventRoleAPI.swift */; };
		6DDD81D6252DF78B008CE80A /* EquipmentTypeAPI.swift in Sources */ = {isa = PBXBuildFile; fileRef = 6DDD8187252DF78B008CE80A /* EquipmentTypeAPI.swift */; };
		6DDD81D7252DF78B008CE80A /* DebugAPI.swift in Sources */ = {isa = PBXBuildFile; fileRef = 6DDD8188252DF78B008CE80A /* DebugAPI.swift */; };
		6DDD81D8252DF78B008CE80A /* EquipmentUserAPI.swift in Sources */ = {isa = PBXBuildFile; fileRef = 6DDD8189252DF78B008CE80A /* EquipmentUserAPI.swift */; };
		6DDD81D9252DF78B008CE80A /* VkPropertyAPI.swift in Sources */ = {isa = PBXBuildFile; fileRef = 6DDD818A252DF78B008CE80A /* VkPropertyAPI.swift */; };
		6DDD81DA252DF78B008CE80A /* EquipmentAPI.swift in Sources */ = {isa = PBXBuildFile; fileRef = 6DDD818B252DF78B008CE80A /* EquipmentAPI.swift */; };
		6DDD81DB252DF78B008CE80A /* CodableHelper.swift in Sources */ = {isa = PBXBuildFile; fileRef = 6DDD818C252DF78B008CE80A /* CodableHelper.swift */; };
		6DDD81DC252DF78B008CE80A /* JSONEncodableEncoding.swift in Sources */ = {isa = PBXBuildFile; fileRef = 6DDD818D252DF78B008CE80A /* JSONEncodableEncoding.swift */; };
		6DDD81DD252DF78B008CE80A /* APIs.swift in Sources */ = {isa = PBXBuildFile; fileRef = 6DDD818E252DF78B008CE80A /* APIs.swift */; };
		6DDD81DE252DF78B008CE80A /* ShiftView.swift in Sources */ = {isa = PBXBuildFile; fileRef = 6DDD8190252DF78B008CE80A /* ShiftView.swift */; };
		6DDD81DF252DF78B008CE80A /* EventRoleView.swift in Sources */ = {isa = PBXBuildFile; fileRef = 6DDD8191252DF78B008CE80A /* EventRoleView.swift */; };
		6DDD81E0252DF78B008CE80A /* RequestResetPasswordRequest.swift in Sources */ = {isa = PBXBuildFile; fileRef = 6DDD8192252DF78B008CE80A /* RequestResetPasswordRequest.swift */; };
		6DDD81E1252DF78B008CE80A /* EventView.swift in Sources */ = {isa = PBXBuildFile; fileRef = 6DDD8193252DF78B008CE80A /* EventView.swift */; };
		6DDD81E2252DF78B008CE80A /* CreateEditPlaceView.swift in Sources */ = {isa = PBXBuildFile; fileRef = 6DDD8194252DF78B008CE80A /* CreateEditPlaceView.swift */; };
		6DDD81E3252DF78B008CE80A /* DeletableRequest.swift in Sources */ = {isa = PBXBuildFile; fileRef = 6DDD8195252DF78B008CE80A /* DeletableRequest.swift */; };
		6DDD81E4252DF78B008CE80A /* UserPropertyEditRequest.swift in Sources */ = {isa = PBXBuildFile; fileRef = 6DDD8196252DF78B008CE80A /* UserPropertyEditRequest.swift */; };
		6DDD81E5252DF78B008CE80A /* EquipmentCreateRequest.swift in Sources */ = {isa = PBXBuildFile; fileRef = 6DDD8197252DF78B008CE80A /* EquipmentCreateRequest.swift */; };
		6DDD81E6252DF78B008CE80A /* CompactEquipmentView.swift in Sources */ = {isa = PBXBuildFile; fileRef = 6DDD8198252DF78B008CE80A /* CompactEquipmentView.swift */; };
		6DDD81E7252DF78B008CE80A /* BuildInformation.swift in Sources */ = {isa = PBXBuildFile; fileRef = 6DDD8199252DF78B008CE80A /* BuildInformation.swift */; };
		6DDD81E8252DF78B008CE80A /* CompactEventView.swift in Sources */ = {isa = PBXBuildFile; fileRef = 6DDD819A252DF78B008CE80A /* CompactEventView.swift */; };
		6DDD81E9252DF78B008CE80A /* RoleView.swift in Sources */ = {isa = PBXBuildFile; fileRef = 6DDD819B252DF78B008CE80A /* RoleView.swift */; };
		6DDD81EA252DF78B008CE80A /* GetSummaryRequest.swift in Sources */ = {isa = PBXBuildFile; fileRef = 6DDD819C252DF78B008CE80A /* GetSummaryRequest.swift */; };
		6DDD81EB252DF78B008CE80A /* UserView.swift in Sources */ = {isa = PBXBuildFile; fileRef = 6DDD819D252DF78B008CE80A /* UserView.swift */; };
		6DDD81EC252DF78B008CE80A /* CompactEquipmentTypeView.swift in Sources */ = {isa = PBXBuildFile; fileRef = 6DDD819E252DF78B008CE80A /* CompactEquipmentTypeView.swift */; };
		6DDD81ED252DF78B008CE80A /* UserPropertyTypeView.swift in Sources */ = {isa = PBXBuildFile; fileRef = 6DDD819F252DF78B008CE80A /* UserPropertyTypeView.swift */; };
		6DDD81EE252DF78B008CE80A /* EventTypeEditRequest.swift in Sources */ = {isa = PBXBuildFile; fileRef = 6DDD81A0252DF78B008CE80A /* EventTypeEditRequest.swift */; };
		6DDD81EF252DF78B008CE80A /* ShiftEditRequest.swift in Sources */ = {isa = PBXBuildFile; fileRef = 6DDD81A1252DF78B008CE80A /* ShiftEditRequest.swift */; };
		6DDD81F0252DF78B008CE80A /* EventRoleCreateRequest.swift in Sources */ = {isa = PBXBuildFile; fileRef = 6DDD81A2252DF78B008CE80A /* EventRoleCreateRequest.swift */; };
		6DDD81F1252DF78B008CE80A /* EquipmentTypeEditRequest.swift in Sources */ = {isa = PBXBuildFile; fileRef = 6DDD81A3252DF78B008CE80A /* EquipmentTypeEditRequest.swift */; };
		6DDD81F2252DF78B008CE80A /* EquipmentEditRequest.swift in Sources */ = {isa = PBXBuildFile; fileRef = 6DDD81A4252DF78B008CE80A /* EquipmentEditRequest.swift */; };
		6DDD81F3252DF78B008CE80A /* ShiftCreateRequest.swift in Sources */ = {isa = PBXBuildFile; fileRef = 6DDD81A5252DF78B008CE80A /* ShiftCreateRequest.swift */; };
		6DDD81F4252DF78B008CE80A /* EquipmentTypeCreateRequest.swift in Sources */ = {isa = PBXBuildFile; fileRef = 6DDD81A6252DF78B008CE80A /* EquipmentTypeCreateRequest.swift */; };
		6DDD81F5252DF78B008CE80A /* EventTypeView.swift in Sources */ = {isa = PBXBuildFile; fileRef = 6DDD81A7252DF78B008CE80A /* EventTypeView.swift */; };
		6DDD81F6252DF78B008CE80A /* IdRequest.swift in Sources */ = {isa = PBXBuildFile; fileRef = 6DDD81A8252DF78B008CE80A /* IdRequest.swift */; };
		6DDD81F7252DF78B008CE80A /* UserPropertyTypeEditRequest.swift in Sources */ = {isa = PBXBuildFile; fileRef = 6DDD81A9252DF78B008CE80A /* UserPropertyTypeEditRequest.swift */; };
		6DDD81F8252DF78B008CE80A /* InviteUserRequest.swift in Sources */ = {isa = PBXBuildFile; fileRef = 6DDD81AA252DF78B008CE80A /* InviteUserRequest.swift */; };
		6DDD81F9252DF78B008CE80A /* EventEditRequest.swift in Sources */ = {isa = PBXBuildFile; fileRef = 6DDD81AB252DF78B008CE80A /* EventEditRequest.swift */; };
		6DDD81FA252DF78B008CE80A /* VkVerifyRequest.swift in Sources */ = {isa = PBXBuildFile; fileRef = 6DDD81AC252DF78B008CE80A /* VkVerifyRequest.swift */; };
		6DDD81FB252DF78B008CE80A /* EquipmentView.swift in Sources */ = {isa = PBXBuildFile; fileRef = 6DDD81AD252DF78B008CE80A /* EquipmentView.swift */; };
		6DDD81FC252DF78B008CE80A /* PlaceEditRequest.swift in Sources */ = {isa = PBXBuildFile; fileRef = 6DDD81AE252DF78B008CE80A /* PlaceEditRequest.swift */; };
		6DDD81FD252DF78B008CE80A /* UserAndEventRole.swift in Sources */ = {isa = PBXBuildFile; fileRef = 6DDD81AF252DF78B008CE80A /* UserAndEventRole.swift */; };
		6DDD81FE252DF78B008CE80A /* AccountEditRequest.swift in Sources */ = {isa = PBXBuildFile; fileRef = 6DDD81B0252DF78B008CE80A /* AccountEditRequest.swift */; };
		6DDD81FF252DF78B008CE80A /* UserPropertyView.swift in Sources */ = {isa = PBXBuildFile; fileRef = 6DDD81B1252DF78B008CE80A /* UserPropertyView.swift */; };
		6DDD8200252DF78B008CE80A /* ProblemDetails.swift in Sources */ = {isa = PBXBuildFile; fileRef = 6DDD81B2252DF78B008CE80A /* ProblemDetails.swift */; };
		6DDD8201252DF78B008CE80A /* CreateEditEventView.swift in Sources */ = {isa = PBXBuildFile; fileRef = 6DDD81B3252DF78B008CE80A /* CreateEditEventView.swift */; };
		6DDD8202252DF78B008CE80A /* PlaceView.swift in Sources */ = {isa = PBXBuildFile; fileRef = 6DDD81B4252DF78B008CE80A /* PlaceView.swift */; };
		6DDD8203252DF78B008CE80A /* ResetPasswordRequest.swift in Sources */ = {isa = PBXBuildFile; fileRef = 6DDD81B5252DF78B008CE80A /* ResetPasswordRequest.swift */; };
		6DDD8204252DF78B008CE80A /* UserPropertyTypeCreateRequest.swift in Sources */ = {isa = PBXBuildFile; fileRef = 6DDD81B6252DF78B008CE80A /* UserPropertyTypeCreateRequest.swift */; };
		6DDD8205252DF78B008CE80A /* UserSettingPresent.swift in Sources */ = {isa = PBXBuildFile; fileRef = 6DDD81B7252DF78B008CE80A /* UserSettingPresent.swift */; };
		6DDD8206252DF78B008CE80A /* EquipmentTypeView.swift in Sources */ = {isa = PBXBuildFile; fileRef = 6DDD81B8252DF78B008CE80A /* EquipmentTypeView.swift */; };
		6DDD8207252DF78B008CE80A /* WisherEventView.swift in Sources */ = {isa = PBXBuildFile; fileRef = 6DDD81B9252DF78B008CE80A /* WisherEventView.swift */; };
		6DDD8208252DF78B008CE80A /* EventCreateRequest.swift in Sources */ = {isa = PBXBuildFile; fileRef = 6DDD81BA252DF78B008CE80A /* EventCreateRequest.swift */; };
		6DDD8209252DF78B008CE80A /* PersonWorkRequest.swift in Sources */ = {isa = PBXBuildFile; fileRef = 6DDD81BB252DF78B008CE80A /* PersonWorkRequest.swift */; };
		6DDD820A252DF78B008CE80A /* EventTypeCreateRequest.swift in Sources */ = {isa = PBXBuildFile; fileRef = 6DDD81BC252DF78B008CE80A /* EventTypeCreateRequest.swift */; };
		6DDD820B252DF78B008CE80A /* CreateEditShiftView.swift in Sources */ = {isa = PBXBuildFile; fileRef = 6DDD81BD252DF78B008CE80A /* CreateEditShiftView.swift */; };
		6DDD820C252DF78B008CE80A /* UsersEventsView.swift in Sources */ = {isa = PBXBuildFile; fileRef = 6DDD81BE252DF78B008CE80A /* UsersEventsView.swift */; };
		6DDD820D252DF78B008CE80A /* EventRoleEditRequest.swift in Sources */ = {isa = PBXBuildFile; fileRef = 6DDD81BF252DF78B008CE80A /* EventRoleEditRequest.swift */; };
		6DDD820E252DF78B008CE80A /* EventApplicationView.swift in Sources */ = {isa = PBXBuildFile; fileRef = 6DDD81C0252DF78B008CE80A /* EventApplicationView.swift */; };
		6DDD820F252DF78B008CE80A /* ChangePasswordRequest.swift in Sources */ = {isa = PBXBuildFile; fileRef = 6DDD81C1252DF78B008CE80A /* ChangePasswordRequest.swift */; };
		6DDD8210252DF78B008CE80A /* PlaceCreateRequest.swift in Sources */ = {isa = PBXBuildFile; fileRef = 6DDD81C2252DF78B008CE80A /* PlaceCreateRequest.swift */; };
		6DDD8211252DF78B008CE80A /* AccountCreateRequest.swift in Sources */ = {isa = PBXBuildFile; fileRef = 6DDD81C3252DF78B008CE80A /* AccountCreateRequest.swift */; };
		6DDD8212252DF78B008CE80A /* Extensions.swift in Sources */ = {isa = PBXBuildFile; fileRef = 6DDD81C4252DF78B008CE80A /* Extensions.swift */; };
		6DDD8213252DF78B008CE80A /* JSONEncodingHelper.swift in Sources */ = {isa = PBXBuildFile; fileRef = 6DDD81C5252DF78B008CE80A /* JSONEncodingHelper.swift */; };
		6DDD8214252DF78B008CE80A /* Models.swift in Sources */ = {isa = PBXBuildFile; fileRef = 6DDD81C6252DF78B008CE80A /* Models.swift */; };
		6DDD8215252DF78B008CE80A /* Configuration.swift in Sources */ = {isa = PBXBuildFile; fileRef = 6DDD81C7252DF78B008CE80A /* Configuration.swift */; };
		6DDD8223252E0726008CE80A /* Alamofire in Frameworks */ = {isa = PBXBuildFile; productRef = 6DDD8222252E0726008CE80A /* Alamofire */; };
		6DE117C22549A12E002D500E /* UserPage.swift in Sources */ = {isa = PBXBuildFile; fileRef = 6DE117C12549A12E002D500E /* UserPage.swift */; };
		6DE1A41F263BD5F20016B16B /* ITLabUITests.swift in Sources */ = {isa = PBXBuildFile; fileRef = 6DE1A41E263BD5F20016B16B /* ITLabUITests.swift */; };
		6DEE2DE62554B00A0087D656 /* ShiftUIView.swift in Sources */ = {isa = PBXBuildFile; fileRef = 6DEE2DE52554B00A0087D656 /* ShiftUIView.swift */; };
		6DEE2DE92554B0C90087D656 /* PlaceUIView.swift in Sources */ = {isa = PBXBuildFile; fileRef = 6DEE2DE82554B0C90087D656 /* PlaceUIView.swift */; };
		6DF0E0FF25496023007D8BC6 /* UsersListPage.swift in Sources */ = {isa = PBXBuildFile; fileRef = 6DF0E0FE25496023007D8BC6 /* UsersListPage.swift */; };
		6DF4D02825ECE26500C29407 /* OAuthITLab.swift in Sources */ = {isa = PBXBuildFile; fileRef = 6DF4D02725ECE26500C29407 /* OAuthITLab.swift */; };
		6DF4D02D25ECE28D00C29407 /* ASWebAuthenticationSessionURLHandler.swift in Sources */ = {isa = PBXBuildFile; fileRef = 6DF4D02C25ECE28D00C29407 /* ASWebAuthenticationSessionURLHandler.swift */; };
		6DF4D03225ECE2AE00C29407 /* OAuthSwift in Frameworks */ = {isa = PBXBuildFile; productRef = 6DF4D03125ECE2AE00C29407 /* OAuthSwift */; };
		6DF717AF25B81AA400F57D2D /* EventSalaryCreateEdit.swift in Sources */ = {isa = PBXBuildFile; fileRef = 6DF717A625B81AA300F57D2D /* EventSalaryCreateEdit.swift */; };
		6DF717B025B81AA400F57D2D /* ShiftSalaryEdit.swift in Sources */ = {isa = PBXBuildFile; fileRef = 6DF717A725B81AA300F57D2D /* ShiftSalaryEdit.swift */; };
		6DF717B125B81AA400F57D2D /* ReportUserSalaryEdit.swift in Sources */ = {isa = PBXBuildFile; fileRef = 6DF717A825B81AA300F57D2D /* ReportUserSalaryEdit.swift */; };
		6DF717B225B81AA400F57D2D /* ReportUserSalaryFullView.swift in Sources */ = {isa = PBXBuildFile; fileRef = 6DF717A925B81AA300F57D2D /* ReportUserSalaryFullView.swift */; };
		6DF717B325B81AA400F57D2D /* EventSalaryCompactView.swift in Sources */ = {isa = PBXBuildFile; fileRef = 6DF717AA25B81AA400F57D2D /* EventSalaryCompactView.swift */; };
		6DF717B425B81AA400F57D2D /* ShiftSalaryView.swift in Sources */ = {isa = PBXBuildFile; fileRef = 6DF717AB25B81AA400F57D2D /* ShiftSalaryView.swift */; };
		6DF717B525B81AA400F57D2D /* PlaceSalaryView.swift in Sources */ = {isa = PBXBuildFile; fileRef = 6DF717AC25B81AA400F57D2D /* PlaceSalaryView.swift */; };
		6DF717B625B81AA400F57D2D /* PlaceSalaryEdit.swift in Sources */ = {isa = PBXBuildFile; fileRef = 6DF717AD25B81AA400F57D2D /* PlaceSalaryEdit.swift */; };
		6DF717B725B81AA400F57D2D /* EventSalaryFullView.swift in Sources */ = {isa = PBXBuildFile; fileRef = 6DF717AE25B81AA400F57D2D /* EventSalaryFullView.swift */; };
		6DF717BC25B81ABE00F57D2D /* EventSalaryAPI.swift in Sources */ = {isa = PBXBuildFile; fileRef = 6DF717BA25B81ABE00F57D2D /* EventSalaryAPI.swift */; };
		6DF717BD25B81ABE00F57D2D /* ReportSalaryAPI.swift in Sources */ = {isa = PBXBuildFile; fileRef = 6DF717BB25B81ABE00F57D2D /* ReportSalaryAPI.swift */; };
/* End PBXBuildFile section */

/* Begin PBXContainerItemProxy section */
		6DE1A421263BD5F20016B16B /* PBXContainerItemProxy */ = {
			isa = PBXContainerItemProxy;
			containerPortal = 6D9A0C592518EBAA007796CD /* Project object */;
			proxyType = 1;
			remoteGlobalIDString = 6D9A0C602518EBAA007796CD;
			remoteInfo = ITLab;
		};
/* End PBXContainerItemProxy section */

/* Begin PBXFileReference section */
		6D00FE6C255014A5000ED344 /* AuthorizationPage.swift */ = {isa = PBXFileReference; lastKnownFileType = sourcecode.swift; path = AuthorizationPage.swift; sourceTree = "<group>"; };
		6D00FE7025501921000ED344 /* ITLabApp.swift */ = {isa = PBXFileReference; lastKnownFileType = sourcecode.swift; path = ITLabApp.swift; sourceTree = "<group>"; };
		6D0193B22608A54500346849 /* ITLab.entitlements */ = {isa = PBXFileReference; lastKnownFileType = text.plist.entitlements; path = ITLab.entitlements; sourceTree = "<group>"; };
		6D0193B42608A58D00346849 /* AppDelegate.swift */ = {isa = PBXFileReference; lastKnownFileType = sourcecode.swift; path = AppDelegate.swift; sourceTree = "<group>"; };
		6D18429B252347D100B95EBB /* MainMenu.swift */ = {isa = PBXFileReference; lastKnownFileType = sourcecode.swift; path = MainMenu.swift; sourceTree = "<group>"; };
		6D18A1E8252C8CE2002B0B3C /* EventsPage.swift */ = {isa = PBXFileReference; lastKnownFileType = sourcecode.swift; path = EventsPage.swift; sourceTree = "<group>"; };
		6D2AB27F2533686000AFCDBB /* EventDescription.swift */ = {isa = PBXFileReference; lastKnownFileType = sourcecode.swift; path = EventDescription.swift; sourceTree = "<group>"; };
		6D2AB28325337AEB00AFCDBB /* DownView.bundle */ = {isa = PBXFileReference; lastKnownFileType = "wrapper.plug-in"; path = DownView.bundle; sourceTree = "<group>"; };
		6D357CEA2539BF9A000B0F60 /* LaunchScreen.storyboard */ = {isa = PBXFileReference; lastKnownFileType = file.storyboard; path = LaunchScreen.storyboard; sourceTree = "<group>"; };
		6D3EC199264EAA2100DE67D3 /* ColorPaletterView.swift */ = {isa = PBXFileReference; lastKnownFileType = sourcecode.swift; path = ColorPaletterView.swift; sourceTree = "<group>"; };
		6D3EC19E264EAA9900DE67D3 /* ColorPaletteObservable.swift */ = {isa = PBXFileReference; lastKnownFileType = sourcecode.swift; path = ColorPaletteObservable.swift; sourceTree = "<group>"; };
		6D3EC1A1264EADE600DE67D3 /* EventsObservable.swift */ = {isa = PBXFileReference; lastKnownFileType = sourcecode.swift; path = EventsObservable.swift; sourceTree = "<group>"; };
		6D3EC1A3264EB09200DE67D3 /* EventsStack.swift */ = {isa = PBXFileReference; lastKnownFileType = sourcecode.swift; path = EventsStack.swift; sourceTree = "<group>"; };
		6D5DE58A25B5A16B003ED6DA /* ProfilePage.swift */ = {isa = PBXFileReference; lastKnownFileType = sourcecode.swift; path = ProfilePage.swift; sourceTree = "<group>"; };
		6D65A7B62541F03D00E918BD /* DebugConfig.xcconfig */ = {isa = PBXFileReference; lastKnownFileType = text.xcconfig; path = DebugConfig.xcconfig; sourceTree = "<group>"; };
		6D77A1BF252F5EE60086A360 /* EventPage.swift */ = {isa = PBXFileReference; lastKnownFileType = sourcecode.swift; path = EventPage.swift; sourceTree = "<group>"; };
		6D9A0C612518EBAA007796CD /* ITLab.app */ = {isa = PBXFileReference; explicitFileType = wrapper.application; includeInIndex = 0; path = ITLab.app; sourceTree = BUILT_PRODUCTS_DIR; };
		6D9A0C682518EBB2007796CD /* Assets.xcassets */ = {isa = PBXFileReference; lastKnownFileType = folder.assetcatalog; path = Assets.xcassets; sourceTree = "<group>"; };
		6D9A0C6B2518EBB2007796CD /* Preview Assets.xcassets */ = {isa = PBXFileReference; lastKnownFileType = folder.assetcatalog; path = "Preview Assets.xcassets"; sourceTree = "<group>"; };
		6D9A0C6D2518EBB2007796CD /* Info.plist */ = {isa = PBXFileReference; lastKnownFileType = text.plist.xml; path = Info.plist; sourceTree = "<group>"; };
		6DA91A3F256283AC00F13191 /* Contact.swift */ = {isa = PBXFileReference; lastKnownFileType = sourcecode.swift; path = Contact.swift; sourceTree = "<group>"; };
		6DB50B8B265D0008002AD1FB /* SearchBar.swift */ = {isa = PBXFileReference; lastKnownFileType = sourcecode.swift; path = SearchBar.swift; sourceTree = "<group>"; };
		6DB50B8D265D004A002AD1FB /* UsersList.swift */ = {isa = PBXFileReference; lastKnownFileType = sourcecode.swift; path = UsersList.swift; sourceTree = "<group>"; };
		6DB6E846265D0B89008B9EAD /* ProjectsMenuPage.swift */ = {isa = PBXFileReference; lastKnownFileType = sourcecode.swift; path = ProjectsMenuPage.swift; sourceTree = "<group>"; };
		6DB6E84A265D0DA0008B9EAD /* ReportsModel.swift */ = {isa = PBXFileReference; lastKnownFileType = sourcecode.swift; path = ReportsModel.swift; sourceTree = "<group>"; };
		6DB6E84D265D0F67008B9EAD /* ReportsObservable.swift */ = {isa = PBXFileReference; lastKnownFileType = sourcecode.swift; path = ReportsObservable.swift; sourceTree = "<group>"; };
		6DB6E84F265D21BC008B9EAD /* ReportsPage.swift */ = {isa = PBXFileReference; lastKnownFileType = sourcecode.swift; path = ReportsPage.swift; sourceTree = "<group>"; };
		6DB6E851265D37CF008B9EAD /* ReportApprovedModel.swift */ = {isa = PBXFileReference; lastKnownFileType = sourcecode.swift; path = ReportApprovedModel.swift; sourceTree = "<group>"; };
		6DB6E853265D5B5A008B9EAD /* ReportPage.swift */ = {isa = PBXFileReference; lastKnownFileType = sourcecode.swift; path = ReportPage.swift; sourceTree = "<group>"; };
		6DC9588725420D570064D8EC /* ReleaseConfig.xcconfig */ = {isa = PBXFileReference; lastKnownFileType = text.xcconfig; path = ReleaseConfig.xcconfig; sourceTree = "<group>"; };
		6DD40948265D6A8000917B2C /* Markdown.swift */ = {isa = PBXFileReference; lastKnownFileType = sourcecode.swift; path = Markdown.swift; sourceTree = "<group>"; };
		6DDD8178252DF78B008CE80A /* APIHelper.swift */ = {isa = PBXFileReference; fileEncoding = 4; lastKnownFileType = sourcecode.swift; path = APIHelper.swift; sourceTree = "<group>"; };
		6DDD8179252DF78B008CE80A /* AlamofireImplementations.swift */ = {isa = PBXFileReference; fileEncoding = 4; lastKnownFileType = sourcecode.swift; path = AlamofireImplementations.swift; sourceTree = "<group>"; };
		6DDD817A252DF78B008CE80A /* JSONValue.swift */ = {isa = PBXFileReference; fileEncoding = 4; lastKnownFileType = sourcecode.swift; path = JSONValue.swift; sourceTree = "<group>"; };
		6DDD817C252DF78B008CE80A /* UserAPI.swift */ = {isa = PBXFileReference; fileEncoding = 4; lastKnownFileType = sourcecode.swift; path = UserAPI.swift; sourceTree = "<group>"; };
		6DDD817D252DF78B008CE80A /* EventAPI.swift */ = {isa = PBXFileReference; fileEncoding = 4; lastKnownFileType = sourcecode.swift; path = EventAPI.swift; sourceTree = "<group>"; };
		6DDD817E252DF78B008CE80A /* RolesAPI.swift */ = {isa = PBXFileReference; fileEncoding = 4; lastKnownFileType = sourcecode.swift; path = RolesAPI.swift; sourceTree = "<group>"; };
		6DDD817F252DF78B008CE80A /* SummaryAPI.swift */ = {isa = PBXFileReference; fileEncoding = 4; lastKnownFileType = sourcecode.swift; path = SummaryAPI.swift; sourceTree = "<group>"; };
		6DDD8180252DF78B008CE80A /* EventTypeAPI.swift */ = {isa = PBXFileReference; fileEncoding = 4; lastKnownFileType = sourcecode.swift; path = EventTypeAPI.swift; sourceTree = "<group>"; };
		6DDD8181252DF78B008CE80A /* UserPropertyAPI.swift */ = {isa = PBXFileReference; fileEncoding = 4; lastKnownFileType = sourcecode.swift; path = UserPropertyAPI.swift; sourceTree = "<group>"; };
		6DDD8182252DF78B008CE80A /* AccountAPI.swift */ = {isa = PBXFileReference; fileEncoding = 4; lastKnownFileType = sourcecode.swift; path = AccountAPI.swift; sourceTree = "<group>"; };
		6DDD8183252DF78B008CE80A /* UserSettingsAPI.swift */ = {isa = PBXFileReference; fileEncoding = 4; lastKnownFileType = sourcecode.swift; path = UserSettingsAPI.swift; sourceTree = "<group>"; };
		6DDD8184252DF78B008CE80A /* UserPropertyTypeAPI.swift */ = {isa = PBXFileReference; fileEncoding = 4; lastKnownFileType = sourcecode.swift; path = UserPropertyTypeAPI.swift; sourceTree = "<group>"; };
		6DDD8185252DF78B008CE80A /* AboutAPI.swift */ = {isa = PBXFileReference; fileEncoding = 4; lastKnownFileType = sourcecode.swift; path = AboutAPI.swift; sourceTree = "<group>"; };
		6DDD8186252DF78B008CE80A /* EventRoleAPI.swift */ = {isa = PBXFileReference; fileEncoding = 4; lastKnownFileType = sourcecode.swift; path = EventRoleAPI.swift; sourceTree = "<group>"; };
		6DDD8187252DF78B008CE80A /* EquipmentTypeAPI.swift */ = {isa = PBXFileReference; fileEncoding = 4; lastKnownFileType = sourcecode.swift; path = EquipmentTypeAPI.swift; sourceTree = "<group>"; };
		6DDD8188252DF78B008CE80A /* DebugAPI.swift */ = {isa = PBXFileReference; fileEncoding = 4; lastKnownFileType = sourcecode.swift; path = DebugAPI.swift; sourceTree = "<group>"; };
		6DDD8189252DF78B008CE80A /* EquipmentUserAPI.swift */ = {isa = PBXFileReference; fileEncoding = 4; lastKnownFileType = sourcecode.swift; path = EquipmentUserAPI.swift; sourceTree = "<group>"; };
		6DDD818A252DF78B008CE80A /* VkPropertyAPI.swift */ = {isa = PBXFileReference; fileEncoding = 4; lastKnownFileType = sourcecode.swift; path = VkPropertyAPI.swift; sourceTree = "<group>"; };
		6DDD818B252DF78B008CE80A /* EquipmentAPI.swift */ = {isa = PBXFileReference; fileEncoding = 4; lastKnownFileType = sourcecode.swift; path = EquipmentAPI.swift; sourceTree = "<group>"; };
		6DDD818C252DF78B008CE80A /* CodableHelper.swift */ = {isa = PBXFileReference; fileEncoding = 4; lastKnownFileType = sourcecode.swift; path = CodableHelper.swift; sourceTree = "<group>"; };
		6DDD818D252DF78B008CE80A /* JSONEncodableEncoding.swift */ = {isa = PBXFileReference; fileEncoding = 4; lastKnownFileType = sourcecode.swift; path = JSONEncodableEncoding.swift; sourceTree = "<group>"; };
		6DDD818E252DF78B008CE80A /* APIs.swift */ = {isa = PBXFileReference; fileEncoding = 4; lastKnownFileType = sourcecode.swift; path = APIs.swift; sourceTree = "<group>"; };
		6DDD8190252DF78B008CE80A /* ShiftView.swift */ = {isa = PBXFileReference; fileEncoding = 4; lastKnownFileType = sourcecode.swift; path = ShiftView.swift; sourceTree = "<group>"; };
		6DDD8191252DF78B008CE80A /* EventRoleView.swift */ = {isa = PBXFileReference; fileEncoding = 4; lastKnownFileType = sourcecode.swift; path = EventRoleView.swift; sourceTree = "<group>"; };
		6DDD8192252DF78B008CE80A /* RequestResetPasswordRequest.swift */ = {isa = PBXFileReference; fileEncoding = 4; lastKnownFileType = sourcecode.swift; path = RequestResetPasswordRequest.swift; sourceTree = "<group>"; };
		6DDD8193252DF78B008CE80A /* EventView.swift */ = {isa = PBXFileReference; fileEncoding = 4; lastKnownFileType = sourcecode.swift; path = EventView.swift; sourceTree = "<group>"; };
		6DDD8194252DF78B008CE80A /* CreateEditPlaceView.swift */ = {isa = PBXFileReference; fileEncoding = 4; lastKnownFileType = sourcecode.swift; path = CreateEditPlaceView.swift; sourceTree = "<group>"; };
		6DDD8195252DF78B008CE80A /* DeletableRequest.swift */ = {isa = PBXFileReference; fileEncoding = 4; lastKnownFileType = sourcecode.swift; path = DeletableRequest.swift; sourceTree = "<group>"; };
		6DDD8196252DF78B008CE80A /* UserPropertyEditRequest.swift */ = {isa = PBXFileReference; fileEncoding = 4; lastKnownFileType = sourcecode.swift; path = UserPropertyEditRequest.swift; sourceTree = "<group>"; };
		6DDD8197252DF78B008CE80A /* EquipmentCreateRequest.swift */ = {isa = PBXFileReference; fileEncoding = 4; lastKnownFileType = sourcecode.swift; path = EquipmentCreateRequest.swift; sourceTree = "<group>"; };
		6DDD8198252DF78B008CE80A /* CompactEquipmentView.swift */ = {isa = PBXFileReference; fileEncoding = 4; lastKnownFileType = sourcecode.swift; path = CompactEquipmentView.swift; sourceTree = "<group>"; };
		6DDD8199252DF78B008CE80A /* BuildInformation.swift */ = {isa = PBXFileReference; fileEncoding = 4; lastKnownFileType = sourcecode.swift; path = BuildInformation.swift; sourceTree = "<group>"; };
		6DDD819A252DF78B008CE80A /* CompactEventView.swift */ = {isa = PBXFileReference; fileEncoding = 4; lastKnownFileType = sourcecode.swift; path = CompactEventView.swift; sourceTree = "<group>"; };
		6DDD819B252DF78B008CE80A /* RoleView.swift */ = {isa = PBXFileReference; fileEncoding = 4; lastKnownFileType = sourcecode.swift; path = RoleView.swift; sourceTree = "<group>"; };
		6DDD819C252DF78B008CE80A /* GetSummaryRequest.swift */ = {isa = PBXFileReference; fileEncoding = 4; lastKnownFileType = sourcecode.swift; path = GetSummaryRequest.swift; sourceTree = "<group>"; };
		6DDD819D252DF78B008CE80A /* UserView.swift */ = {isa = PBXFileReference; fileEncoding = 4; lastKnownFileType = sourcecode.swift; path = UserView.swift; sourceTree = "<group>"; };
		6DDD819E252DF78B008CE80A /* CompactEquipmentTypeView.swift */ = {isa = PBXFileReference; fileEncoding = 4; lastKnownFileType = sourcecode.swift; path = CompactEquipmentTypeView.swift; sourceTree = "<group>"; };
		6DDD819F252DF78B008CE80A /* UserPropertyTypeView.swift */ = {isa = PBXFileReference; fileEncoding = 4; lastKnownFileType = sourcecode.swift; path = UserPropertyTypeView.swift; sourceTree = "<group>"; };
		6DDD81A0252DF78B008CE80A /* EventTypeEditRequest.swift */ = {isa = PBXFileReference; fileEncoding = 4; lastKnownFileType = sourcecode.swift; path = EventTypeEditRequest.swift; sourceTree = "<group>"; };
		6DDD81A1252DF78B008CE80A /* ShiftEditRequest.swift */ = {isa = PBXFileReference; fileEncoding = 4; lastKnownFileType = sourcecode.swift; path = ShiftEditRequest.swift; sourceTree = "<group>"; };
		6DDD81A2252DF78B008CE80A /* EventRoleCreateRequest.swift */ = {isa = PBXFileReference; fileEncoding = 4; lastKnownFileType = sourcecode.swift; path = EventRoleCreateRequest.swift; sourceTree = "<group>"; };
		6DDD81A3252DF78B008CE80A /* EquipmentTypeEditRequest.swift */ = {isa = PBXFileReference; fileEncoding = 4; lastKnownFileType = sourcecode.swift; path = EquipmentTypeEditRequest.swift; sourceTree = "<group>"; };
		6DDD81A4252DF78B008CE80A /* EquipmentEditRequest.swift */ = {isa = PBXFileReference; fileEncoding = 4; lastKnownFileType = sourcecode.swift; path = EquipmentEditRequest.swift; sourceTree = "<group>"; };
		6DDD81A5252DF78B008CE80A /* ShiftCreateRequest.swift */ = {isa = PBXFileReference; fileEncoding = 4; lastKnownFileType = sourcecode.swift; path = ShiftCreateRequest.swift; sourceTree = "<group>"; };
		6DDD81A6252DF78B008CE80A /* EquipmentTypeCreateRequest.swift */ = {isa = PBXFileReference; fileEncoding = 4; lastKnownFileType = sourcecode.swift; path = EquipmentTypeCreateRequest.swift; sourceTree = "<group>"; };
		6DDD81A7252DF78B008CE80A /* EventTypeView.swift */ = {isa = PBXFileReference; fileEncoding = 4; lastKnownFileType = sourcecode.swift; path = EventTypeView.swift; sourceTree = "<group>"; };
		6DDD81A8252DF78B008CE80A /* IdRequest.swift */ = {isa = PBXFileReference; fileEncoding = 4; lastKnownFileType = sourcecode.swift; path = IdRequest.swift; sourceTree = "<group>"; };
		6DDD81A9252DF78B008CE80A /* UserPropertyTypeEditRequest.swift */ = {isa = PBXFileReference; fileEncoding = 4; lastKnownFileType = sourcecode.swift; path = UserPropertyTypeEditRequest.swift; sourceTree = "<group>"; };
		6DDD81AA252DF78B008CE80A /* InviteUserRequest.swift */ = {isa = PBXFileReference; fileEncoding = 4; lastKnownFileType = sourcecode.swift; path = InviteUserRequest.swift; sourceTree = "<group>"; };
		6DDD81AB252DF78B008CE80A /* EventEditRequest.swift */ = {isa = PBXFileReference; fileEncoding = 4; lastKnownFileType = sourcecode.swift; path = EventEditRequest.swift; sourceTree = "<group>"; };
		6DDD81AC252DF78B008CE80A /* VkVerifyRequest.swift */ = {isa = PBXFileReference; fileEncoding = 4; lastKnownFileType = sourcecode.swift; path = VkVerifyRequest.swift; sourceTree = "<group>"; };
		6DDD81AD252DF78B008CE80A /* EquipmentView.swift */ = {isa = PBXFileReference; fileEncoding = 4; lastKnownFileType = sourcecode.swift; path = EquipmentView.swift; sourceTree = "<group>"; };
		6DDD81AE252DF78B008CE80A /* PlaceEditRequest.swift */ = {isa = PBXFileReference; fileEncoding = 4; lastKnownFileType = sourcecode.swift; path = PlaceEditRequest.swift; sourceTree = "<group>"; };
		6DDD81AF252DF78B008CE80A /* UserAndEventRole.swift */ = {isa = PBXFileReference; fileEncoding = 4; lastKnownFileType = sourcecode.swift; path = UserAndEventRole.swift; sourceTree = "<group>"; };
		6DDD81B0252DF78B008CE80A /* AccountEditRequest.swift */ = {isa = PBXFileReference; fileEncoding = 4; lastKnownFileType = sourcecode.swift; path = AccountEditRequest.swift; sourceTree = "<group>"; };
		6DDD81B1252DF78B008CE80A /* UserPropertyView.swift */ = {isa = PBXFileReference; fileEncoding = 4; lastKnownFileType = sourcecode.swift; path = UserPropertyView.swift; sourceTree = "<group>"; };
		6DDD81B2252DF78B008CE80A /* ProblemDetails.swift */ = {isa = PBXFileReference; fileEncoding = 4; lastKnownFileType = sourcecode.swift; path = ProblemDetails.swift; sourceTree = "<group>"; };
		6DDD81B3252DF78B008CE80A /* CreateEditEventView.swift */ = {isa = PBXFileReference; fileEncoding = 4; lastKnownFileType = sourcecode.swift; path = CreateEditEventView.swift; sourceTree = "<group>"; };
		6DDD81B4252DF78B008CE80A /* PlaceView.swift */ = {isa = PBXFileReference; fileEncoding = 4; lastKnownFileType = sourcecode.swift; path = PlaceView.swift; sourceTree = "<group>"; };
		6DDD81B5252DF78B008CE80A /* ResetPasswordRequest.swift */ = {isa = PBXFileReference; fileEncoding = 4; lastKnownFileType = sourcecode.swift; path = ResetPasswordRequest.swift; sourceTree = "<group>"; };
		6DDD81B6252DF78B008CE80A /* UserPropertyTypeCreateRequest.swift */ = {isa = PBXFileReference; fileEncoding = 4; lastKnownFileType = sourcecode.swift; path = UserPropertyTypeCreateRequest.swift; sourceTree = "<group>"; };
		6DDD81B7252DF78B008CE80A /* UserSettingPresent.swift */ = {isa = PBXFileReference; fileEncoding = 4; lastKnownFileType = sourcecode.swift; path = UserSettingPresent.swift; sourceTree = "<group>"; };
		6DDD81B8252DF78B008CE80A /* EquipmentTypeView.swift */ = {isa = PBXFileReference; fileEncoding = 4; lastKnownFileType = sourcecode.swift; path = EquipmentTypeView.swift; sourceTree = "<group>"; };
		6DDD81B9252DF78B008CE80A /* WisherEventView.swift */ = {isa = PBXFileReference; fileEncoding = 4; lastKnownFileType = sourcecode.swift; path = WisherEventView.swift; sourceTree = "<group>"; };
		6DDD81BA252DF78B008CE80A /* EventCreateRequest.swift */ = {isa = PBXFileReference; fileEncoding = 4; lastKnownFileType = sourcecode.swift; path = EventCreateRequest.swift; sourceTree = "<group>"; };
		6DDD81BB252DF78B008CE80A /* PersonWorkRequest.swift */ = {isa = PBXFileReference; fileEncoding = 4; lastKnownFileType = sourcecode.swift; path = PersonWorkRequest.swift; sourceTree = "<group>"; };
		6DDD81BC252DF78B008CE80A /* EventTypeCreateRequest.swift */ = {isa = PBXFileReference; fileEncoding = 4; lastKnownFileType = sourcecode.swift; path = EventTypeCreateRequest.swift; sourceTree = "<group>"; };
		6DDD81BD252DF78B008CE80A /* CreateEditShiftView.swift */ = {isa = PBXFileReference; fileEncoding = 4; lastKnownFileType = sourcecode.swift; path = CreateEditShiftView.swift; sourceTree = "<group>"; };
		6DDD81BE252DF78B008CE80A /* UsersEventsView.swift */ = {isa = PBXFileReference; fileEncoding = 4; lastKnownFileType = sourcecode.swift; path = UsersEventsView.swift; sourceTree = "<group>"; };
		6DDD81BF252DF78B008CE80A /* EventRoleEditRequest.swift */ = {isa = PBXFileReference; fileEncoding = 4; lastKnownFileType = sourcecode.swift; path = EventRoleEditRequest.swift; sourceTree = "<group>"; };
		6DDD81C0252DF78B008CE80A /* EventApplicationView.swift */ = {isa = PBXFileReference; fileEncoding = 4; lastKnownFileType = sourcecode.swift; path = EventApplicationView.swift; sourceTree = "<group>"; };
		6DDD81C1252DF78B008CE80A /* ChangePasswordRequest.swift */ = {isa = PBXFileReference; fileEncoding = 4; lastKnownFileType = sourcecode.swift; path = ChangePasswordRequest.swift; sourceTree = "<group>"; };
		6DDD81C2252DF78B008CE80A /* PlaceCreateRequest.swift */ = {isa = PBXFileReference; fileEncoding = 4; lastKnownFileType = sourcecode.swift; path = PlaceCreateRequest.swift; sourceTree = "<group>"; };
		6DDD81C3252DF78B008CE80A /* AccountCreateRequest.swift */ = {isa = PBXFileReference; fileEncoding = 4; lastKnownFileType = sourcecode.swift; path = AccountCreateRequest.swift; sourceTree = "<group>"; };
		6DDD81C4252DF78B008CE80A /* Extensions.swift */ = {isa = PBXFileReference; fileEncoding = 4; lastKnownFileType = sourcecode.swift; path = Extensions.swift; sourceTree = "<group>"; };
		6DDD81C5252DF78B008CE80A /* JSONEncodingHelper.swift */ = {isa = PBXFileReference; fileEncoding = 4; lastKnownFileType = sourcecode.swift; path = JSONEncodingHelper.swift; sourceTree = "<group>"; };
		6DDD81C6252DF78B008CE80A /* Models.swift */ = {isa = PBXFileReference; fileEncoding = 4; lastKnownFileType = sourcecode.swift; path = Models.swift; sourceTree = "<group>"; };
		6DDD81C7252DF78B008CE80A /* Configuration.swift */ = {isa = PBXFileReference; fileEncoding = 4; lastKnownFileType = sourcecode.swift; path = Configuration.swift; sourceTree = "<group>"; };
		6DE117C12549A12E002D500E /* UserPage.swift */ = {isa = PBXFileReference; lastKnownFileType = sourcecode.swift; path = UserPage.swift; sourceTree = "<group>"; };
		6DE1A41C263BD5F20016B16B /* ITLabUITests.xctest */ = {isa = PBXFileReference; explicitFileType = wrapper.cfbundle; includeInIndex = 0; path = ITLabUITests.xctest; sourceTree = BUILT_PRODUCTS_DIR; };
		6DE1A41E263BD5F20016B16B /* ITLabUITests.swift */ = {isa = PBXFileReference; lastKnownFileType = sourcecode.swift; path = ITLabUITests.swift; sourceTree = "<group>"; };
		6DE1A420263BD5F20016B16B /* Info.plist */ = {isa = PBXFileReference; lastKnownFileType = text.plist.xml; path = Info.plist; sourceTree = "<group>"; };
		6DEE2DE52554B00A0087D656 /* ShiftUIView.swift */ = {isa = PBXFileReference; lastKnownFileType = sourcecode.swift; path = ShiftUIView.swift; sourceTree = "<group>"; };
		6DEE2DE82554B0C90087D656 /* PlaceUIView.swift */ = {isa = PBXFileReference; lastKnownFileType = sourcecode.swift; path = PlaceUIView.swift; sourceTree = "<group>"; };
		6DF0E0FE25496023007D8BC6 /* UsersListPage.swift */ = {isa = PBXFileReference; lastKnownFileType = sourcecode.swift; path = UsersListPage.swift; sourceTree = "<group>"; };
		6DF4D02725ECE26500C29407 /* OAuthITLab.swift */ = {isa = PBXFileReference; lastKnownFileType = sourcecode.swift; path = OAuthITLab.swift; sourceTree = "<group>"; };
		6DF4D02C25ECE28D00C29407 /* ASWebAuthenticationSessionURLHandler.swift */ = {isa = PBXFileReference; lastKnownFileType = sourcecode.swift; path = ASWebAuthenticationSessionURLHandler.swift; sourceTree = "<group>"; };
		6DF717A625B81AA300F57D2D /* EventSalaryCreateEdit.swift */ = {isa = PBXFileReference; fileEncoding = 4; lastKnownFileType = sourcecode.swift; path = EventSalaryCreateEdit.swift; sourceTree = "<group>"; };
		6DF717A725B81AA300F57D2D /* ShiftSalaryEdit.swift */ = {isa = PBXFileReference; fileEncoding = 4; lastKnownFileType = sourcecode.swift; path = ShiftSalaryEdit.swift; sourceTree = "<group>"; };
		6DF717A825B81AA300F57D2D /* ReportUserSalaryEdit.swift */ = {isa = PBXFileReference; fileEncoding = 4; lastKnownFileType = sourcecode.swift; path = ReportUserSalaryEdit.swift; sourceTree = "<group>"; };
		6DF717A925B81AA300F57D2D /* ReportUserSalaryFullView.swift */ = {isa = PBXFileReference; fileEncoding = 4; lastKnownFileType = sourcecode.swift; path = ReportUserSalaryFullView.swift; sourceTree = "<group>"; };
		6DF717AA25B81AA400F57D2D /* EventSalaryCompactView.swift */ = {isa = PBXFileReference; fileEncoding = 4; lastKnownFileType = sourcecode.swift; path = EventSalaryCompactView.swift; sourceTree = "<group>"; };
		6DF717AB25B81AA400F57D2D /* ShiftSalaryView.swift */ = {isa = PBXFileReference; fileEncoding = 4; lastKnownFileType = sourcecode.swift; path = ShiftSalaryView.swift; sourceTree = "<group>"; };
		6DF717AC25B81AA400F57D2D /* PlaceSalaryView.swift */ = {isa = PBXFileReference; fileEncoding = 4; lastKnownFileType = sourcecode.swift; path = PlaceSalaryView.swift; sourceTree = "<group>"; };
		6DF717AD25B81AA400F57D2D /* PlaceSalaryEdit.swift */ = {isa = PBXFileReference; fileEncoding = 4; lastKnownFileType = sourcecode.swift; path = PlaceSalaryEdit.swift; sourceTree = "<group>"; };
		6DF717AE25B81AA400F57D2D /* EventSalaryFullView.swift */ = {isa = PBXFileReference; fileEncoding = 4; lastKnownFileType = sourcecode.swift; path = EventSalaryFullView.swift; sourceTree = "<group>"; };
		6DF717BA25B81ABE00F57D2D /* EventSalaryAPI.swift */ = {isa = PBXFileReference; fileEncoding = 4; lastKnownFileType = sourcecode.swift; path = EventSalaryAPI.swift; sourceTree = "<group>"; };
		6DF717BB25B81ABE00F57D2D /* ReportSalaryAPI.swift */ = {isa = PBXFileReference; fileEncoding = 4; lastKnownFileType = sourcecode.swift; path = ReportSalaryAPI.swift; sourceTree = "<group>"; };
/* End PBXFileReference section */

/* Begin PBXFrameworksBuildPhase section */
		6D9A0C5E2518EBAA007796CD /* Frameworks */ = {
			isa = PBXFrameworksBuildPhase;
			buildActionMask = 2147483647;
			files = (
				6D5074252530F2BA00679B4C /* Down in Frameworks */,
				6DDD8223252E0726008CE80A /* Alamofire in Frameworks */,
				6DF4D03225ECE2AE00C29407 /* OAuthSwift in Frameworks */,
				6D2D860B2629DE5A00E98E0A /* PushNotification in Frameworks */,
			);
			runOnlyForDeploymentPostprocessing = 0;
		};
		6DE1A419263BD5F20016B16B /* Frameworks */ = {
			isa = PBXFrameworksBuildPhase;
			buildActionMask = 2147483647;
			files = (
			);
			runOnlyForDeploymentPostprocessing = 0;
		};
/* End PBXFrameworksBuildPhase section */

/* Begin PBXGroup section */
		6D3EC19C264EAA6100DE67D3 /* Observable */ = {
			isa = PBXGroup;
			children = (
				6DB6E84C265D0F4D008B9EAD /* Project */,
				6D3EC19D264EAA7000DE67D3 /* ColorPalette */,
				6D3EC1A0264EADC800DE67D3 /* Events */,
				6DB50B8D265D004A002AD1FB /* UsersList.swift */,
			);
			path = Observable;
			sourceTree = "<group>";
		};
		6D3EC19D264EAA7000DE67D3 /* ColorPalette */ = {
			isa = PBXGroup;
			children = (
				6D3EC19E264EAA9900DE67D3 /* ColorPaletteObservable.swift */,
			);
			path = ColorPalette;
			sourceTree = "<group>";
		};
		6D3EC1A0264EADC800DE67D3 /* Events */ = {
			isa = PBXGroup;
			children = (
				6D3EC1A1264EADE600DE67D3 /* EventsObservable.swift */,
			);
			path = Events;
			sourceTree = "<group>";
		};
		6D97CA2F2535C65C00D66E9A /* Events */ = {
			isa = PBXGroup;
			children = (
				6D2AB27F2533686000AFCDBB /* EventDescription.swift */,
				6D77A1BF252F5EE60086A360 /* EventPage.swift */,
				6D18A1E8252C8CE2002B0B3C /* EventsPage.swift */,
				6D3EC1A3264EB09200DE67D3 /* EventsStack.swift */,
				6DEE2DE82554B0C90087D656 /* PlaceUIView.swift */,
				6DEE2DE52554B00A0087D656 /* ShiftUIView.swift */,
			);
			path = Events;
			sourceTree = "<group>";
		};
		6D97CA392535C8B600D66E9A /* UI */ = {
			isa = PBXGroup;
			children = (
				6DD40948265D6A8000917B2C /* Markdown.swift */,
				6D9EE2EF265D0B1B00DF4269 /* Project */,
				6D357CEA2539BF9A000B0F60 /* LaunchScreen.storyboard */,
				6D3EC199264EAA2100DE67D3 /* ColorPaletterView.swift */,
				6D18429B252347D100B95EBB /* MainMenu.swift */,
				6D97CA3B2535C8C400D66E9A /* Authorize */,
				6D97CA2F2535C65C00D66E9A /* Events */,
				6DF0E0FD25496006007D8BC6 /* User */,
			);
			path = UI;
			sourceTree = "<group>";
		};
		6D97CA3B2535C8C400D66E9A /* Authorize */ = {
			isa = PBXGroup;
			children = (
				6D00FE6C255014A5000ED344 /* AuthorizationPage.swift */,
			);
			path = Authorize;
			sourceTree = "<group>";
		};
		6D9A0C582518EBAA007796CD = {
			isa = PBXGroup;
			children = (
				6D9A0C632518EBAA007796CD /* ITLab */,
				6DE1A41D263BD5F20016B16B /* ITLabUITests */,
				6D9A0C622518EBAA007796CD /* Products */,
				6DDD821C252DFBD2008CE80A /* Frameworks */,
			);
			sourceTree = "<group>";
		};
		6D9A0C622518EBAA007796CD /* Products */ = {
			isa = PBXGroup;
			children = (
				6D9A0C612518EBAA007796CD /* ITLab.app */,
				6DE1A41C263BD5F20016B16B /* ITLabUITests.xctest */,
			);
			name = Products;
			sourceTree = "<group>";
		};
		6D9A0C632518EBAA007796CD /* ITLab */ = {
			isa = PBXGroup;
			children = (
				6DB6E848265D0D6F008B9EAD /* Model */,
				6D2AB28325337AEB00AFCDBB /* DownView.bundle */,
				6D0193B22608A54500346849 /* ITLab.entitlements */,
				6D9A0C6D2518EBB2007796CD /* Info.plist */,
				6D0193B42608A58D00346849 /* AppDelegate.swift */,
				6DA91A3F256283AC00F13191 /* Contact.swift */,
				6D00FE7025501921000ED344 /* ITLabApp.swift */,
				6D9A0C682518EBB2007796CD /* Assets.xcassets */,
				6D65A7B62541F03D00E918BD /* DebugConfig.xcconfig */,
				6DC9588725420D570064D8EC /* ReleaseConfig.xcconfig */,
				6D3EC19C264EAA6100DE67D3 /* Observable */,
				6DF4D02B25ECE27300C29407 /* OAuth2 */,
				6D9A0C6A2518EBB2007796CD /* Preview Content */,
				6DDD8177252DF78B008CE80A /* Swaggers */,
				6D97CA392535C8B600D66E9A /* UI */,
			);
			path = ITLab;
			sourceTree = "<group>";
		};
		6D9A0C6A2518EBB2007796CD /* Preview Content */ = {
			isa = PBXGroup;
			children = (
				6D9A0C6B2518EBB2007796CD /* Preview Assets.xcassets */,
			);
			path = "Preview Content";
			sourceTree = "<group>";
		};
		6D9EE2EF265D0B1B00DF4269 /* Project */ = {
			isa = PBXGroup;
			children = (
				6DB6E846265D0B89008B9EAD /* ProjectsMenuPage.swift */,
				6DB6E84F265D21BC008B9EAD /* ReportsPage.swift */,
				6DB6E853265D5B5A008B9EAD /* ReportPage.swift */,
			);
			path = Project;
			sourceTree = "<group>";
		};
		6DB6E848265D0D6F008B9EAD /* Model */ = {
			isa = PBXGroup;
			children = (
				6DB6E849265D0D77008B9EAD /* Reports */,
			);
			path = Model;
			sourceTree = "<group>";
		};
		6DB6E849265D0D77008B9EAD /* Reports */ = {
			isa = PBXGroup;
			children = (
				6DB6E84A265D0DA0008B9EAD /* ReportsModel.swift */,
				6DB6E851265D37CF008B9EAD /* ReportApprovedModel.swift */,
			);
			path = Reports;
			sourceTree = "<group>";
		};
		6DB6E84C265D0F4D008B9EAD /* Project */ = {
			isa = PBXGroup;
			children = (
				6DB6E84D265D0F67008B9EAD /* ReportsObservable.swift */,
			);
			path = Project;
			sourceTree = "<group>";
		};
		6DDD8177252DF78B008CE80A /* Swaggers */ = {
			isa = PBXGroup;
			children = (
				6DDD8179252DF78B008CE80A /* AlamofireImplementations.swift */,
				6DDD8178252DF78B008CE80A /* APIHelper.swift */,
				6DDD818E252DF78B008CE80A /* APIs.swift */,
				6DDD818C252DF78B008CE80A /* CodableHelper.swift */,
				6DDD81C7252DF78B008CE80A /* Configuration.swift */,
				6DDD81C4252DF78B008CE80A /* Extensions.swift */,
				6DDD818D252DF78B008CE80A /* JSONEncodableEncoding.swift */,
				6DDD81C5252DF78B008CE80A /* JSONEncodingHelper.swift */,
				6DDD817A252DF78B008CE80A /* JSONValue.swift */,
				6DDD81C6252DF78B008CE80A /* Models.swift */,
				6DDD817B252DF78B008CE80A /* APIs */,
				6DDD818F252DF78B008CE80A /* Models */,
			);
			path = Swaggers;
			sourceTree = "<group>";
		};
		6DDD817B252DF78B008CE80A /* APIs */ = {
			isa = PBXGroup;
			children = (
				6DDD8185252DF78B008CE80A /* AboutAPI.swift */,
				6DDD8182252DF78B008CE80A /* AccountAPI.swift */,
				6DDD8188252DF78B008CE80A /* DebugAPI.swift */,
				6DDD818B252DF78B008CE80A /* EquipmentAPI.swift */,
				6DDD8187252DF78B008CE80A /* EquipmentTypeAPI.swift */,
				6DDD8189252DF78B008CE80A /* EquipmentUserAPI.swift */,
				6DDD817D252DF78B008CE80A /* EventAPI.swift */,
				6DDD8186252DF78B008CE80A /* EventRoleAPI.swift */,
				6DDD8180252DF78B008CE80A /* EventTypeAPI.swift */,
				6DDD817E252DF78B008CE80A /* RolesAPI.swift */,
				6DDD817F252DF78B008CE80A /* SummaryAPI.swift */,
				6DDD817C252DF78B008CE80A /* UserAPI.swift */,
				6DDD8181252DF78B008CE80A /* UserPropertyAPI.swift */,
				6DDD8184252DF78B008CE80A /* UserPropertyTypeAPI.swift */,
				6DDD8183252DF78B008CE80A /* UserSettingsAPI.swift */,
				6DDD818A252DF78B008CE80A /* VkPropertyAPI.swift */,
				6DF717B925B81AAD00F57D2D /* Salary */,
			);
			path = APIs;
			sourceTree = "<group>";
		};
		6DDD818F252DF78B008CE80A /* Models */ = {
			isa = PBXGroup;
			children = (
				6DDD81C3252DF78B008CE80A /* AccountCreateRequest.swift */,
				6DDD81B0252DF78B008CE80A /* AccountEditRequest.swift */,
				6DDD8199252DF78B008CE80A /* BuildInformation.swift */,
				6DDD81C1252DF78B008CE80A /* ChangePasswordRequest.swift */,
				6DDD819E252DF78B008CE80A /* CompactEquipmentTypeView.swift */,
				6DDD8198252DF78B008CE80A /* CompactEquipmentView.swift */,
				6DDD819A252DF78B008CE80A /* CompactEventView.swift */,
				6DDD81B3252DF78B008CE80A /* CreateEditEventView.swift */,
				6DDD8194252DF78B008CE80A /* CreateEditPlaceView.swift */,
				6DDD81BD252DF78B008CE80A /* CreateEditShiftView.swift */,
				6DDD8195252DF78B008CE80A /* DeletableRequest.swift */,
				6DDD8197252DF78B008CE80A /* EquipmentCreateRequest.swift */,
				6DDD81A4252DF78B008CE80A /* EquipmentEditRequest.swift */,
				6DDD81A6252DF78B008CE80A /* EquipmentTypeCreateRequest.swift */,
				6DDD81A3252DF78B008CE80A /* EquipmentTypeEditRequest.swift */,
				6DDD81B8252DF78B008CE80A /* EquipmentTypeView.swift */,
				6DDD81AD252DF78B008CE80A /* EquipmentView.swift */,
				6DDD81C0252DF78B008CE80A /* EventApplicationView.swift */,
				6DDD81BA252DF78B008CE80A /* EventCreateRequest.swift */,
				6DDD81AB252DF78B008CE80A /* EventEditRequest.swift */,
				6DDD81A2252DF78B008CE80A /* EventRoleCreateRequest.swift */,
				6DDD81BF252DF78B008CE80A /* EventRoleEditRequest.swift */,
				6DDD8191252DF78B008CE80A /* EventRoleView.swift */,
				6DDD81BC252DF78B008CE80A /* EventTypeCreateRequest.swift */,
				6DDD81A0252DF78B008CE80A /* EventTypeEditRequest.swift */,
				6DDD81A7252DF78B008CE80A /* EventTypeView.swift */,
				6DDD8193252DF78B008CE80A /* EventView.swift */,
				6DDD819C252DF78B008CE80A /* GetSummaryRequest.swift */,
				6DDD81A8252DF78B008CE80A /* IdRequest.swift */,
				6DDD81AA252DF78B008CE80A /* InviteUserRequest.swift */,
				6DDD81BB252DF78B008CE80A /* PersonWorkRequest.swift */,
				6DDD81C2252DF78B008CE80A /* PlaceCreateRequest.swift */,
				6DDD81AE252DF78B008CE80A /* PlaceEditRequest.swift */,
				6DDD81B4252DF78B008CE80A /* PlaceView.swift */,
				6DDD81B2252DF78B008CE80A /* ProblemDetails.swift */,
				6DDD8192252DF78B008CE80A /* RequestResetPasswordRequest.swift */,
				6DDD81B5252DF78B008CE80A /* ResetPasswordRequest.swift */,
				6DDD819B252DF78B008CE80A /* RoleView.swift */,
				6DDD81A5252DF78B008CE80A /* ShiftCreateRequest.swift */,
				6DDD81A1252DF78B008CE80A /* ShiftEditRequest.swift */,
				6DDD8190252DF78B008CE80A /* ShiftView.swift */,
				6DDD81AF252DF78B008CE80A /* UserAndEventRole.swift */,
				6DDD8196252DF78B008CE80A /* UserPropertyEditRequest.swift */,
				6DDD81B6252DF78B008CE80A /* UserPropertyTypeCreateRequest.swift */,
				6DDD81A9252DF78B008CE80A /* UserPropertyTypeEditRequest.swift */,
				6DDD819F252DF78B008CE80A /* UserPropertyTypeView.swift */,
				6DDD81B1252DF78B008CE80A /* UserPropertyView.swift */,
				6DDD81B7252DF78B008CE80A /* UserSettingPresent.swift */,
				6DDD81BE252DF78B008CE80A /* UsersEventsView.swift */,
				6DDD819D252DF78B008CE80A /* UserView.swift */,
				6DDD81AC252DF78B008CE80A /* VkVerifyRequest.swift */,
				6DDD81B9252DF78B008CE80A /* WisherEventView.swift */,
				6DF717A525B81A6D00F57D2D /* Salary */,
			);
			path = Models;
			sourceTree = "<group>";
		};
		6DDD821C252DFBD2008CE80A /* Frameworks */ = {
			isa = PBXGroup;
			children = (
			);
			name = Frameworks;
			sourceTree = "<group>";
		};
		6DE1A41D263BD5F20016B16B /* ITLabUITests */ = {
			isa = PBXGroup;
			children = (
				6DE1A41E263BD5F20016B16B /* ITLabUITests.swift */,
				6DE1A420263BD5F20016B16B /* Info.plist */,
			);
			path = ITLabUITests;
			sourceTree = "<group>";
		};
		6DF0E0FD25496006007D8BC6 /* User */ = {
			isa = PBXGroup;
			children = (
				6DF0E0FE25496023007D8BC6 /* UsersListPage.swift */,
				6DE117C12549A12E002D500E /* UserPage.swift */,
				6D5DE58A25B5A16B003ED6DA /* ProfilePage.swift */,
				6DB50B8B265D0008002AD1FB /* SearchBar.swift */,
			);
			path = User;
			sourceTree = "<group>";
		};
		6DF4D02B25ECE27300C29407 /* OAuth2 */ = {
			isa = PBXGroup;
			children = (
				6DF4D02C25ECE28D00C29407 /* ASWebAuthenticationSessionURLHandler.swift */,
				6DF4D02725ECE26500C29407 /* OAuthITLab.swift */,
			);
			path = OAuth2;
			sourceTree = "<group>";
		};
		6DF717A525B81A6D00F57D2D /* Salary */ = {
			isa = PBXGroup;
			children = (
				6DF717AA25B81AA400F57D2D /* EventSalaryCompactView.swift */,
				6DF717A625B81AA300F57D2D /* EventSalaryCreateEdit.swift */,
				6DF717AE25B81AA400F57D2D /* EventSalaryFullView.swift */,
				6DF717AD25B81AA400F57D2D /* PlaceSalaryEdit.swift */,
				6DF717AC25B81AA400F57D2D /* PlaceSalaryView.swift */,
				6DF717A825B81AA300F57D2D /* ReportUserSalaryEdit.swift */,
				6DF717A925B81AA300F57D2D /* ReportUserSalaryFullView.swift */,
				6DF717A725B81AA300F57D2D /* ShiftSalaryEdit.swift */,
				6DF717AB25B81AA400F57D2D /* ShiftSalaryView.swift */,
			);
			path = Salary;
			sourceTree = "<group>";
		};
		6DF717B925B81AAD00F57D2D /* Salary */ = {
			isa = PBXGroup;
			children = (
				6DF717BA25B81ABE00F57D2D /* EventSalaryAPI.swift */,
				6DF717BB25B81ABE00F57D2D /* ReportSalaryAPI.swift */,
			);
			path = Salary;
			sourceTree = "<group>";
		};
/* End PBXGroup section */

/* Begin PBXNativeTarget section */
		6D9A0C602518EBAA007796CD /* ITLab */ = {
			isa = PBXNativeTarget;
			buildConfigurationList = 6D9A0C702518EBB2007796CD /* Build configuration list for PBXNativeTarget "ITLab" */;
			buildPhases = (
				6D9A0C5D2518EBAA007796CD /* Sources */,
				6D9A0C5E2518EBAA007796CD /* Frameworks */,
				6D9A0C5F2518EBAA007796CD /* Resources */,
				6D0C7D3F26441C88005DA83E /* SwiftLint */,
			);
			buildRules = (
			);
			dependencies = (
			);
			name = ITLab;
			packageProductDependencies = (
				6DDD8222252E0726008CE80A /* Alamofire */,
				6D5074242530F2BA00679B4C /* Down */,
				6DF4D03125ECE2AE00C29407 /* OAuthSwift */,
				6D2D860A2629DE5A00E98E0A /* PushNotification */,
			);
			productName = ITLab;
			productReference = 6D9A0C612518EBAA007796CD /* ITLab.app */;
			productType = "com.apple.product-type.application";
		};
		6DE1A41B263BD5F20016B16B /* ITLabUITests */ = {
			isa = PBXNativeTarget;
			buildConfigurationList = 6DE1A425263BD5F20016B16B /* Build configuration list for PBXNativeTarget "ITLabUITests" */;
			buildPhases = (
				6DE1A418263BD5F20016B16B /* Sources */,
				6DE1A419263BD5F20016B16B /* Frameworks */,
				6DE1A41A263BD5F20016B16B /* Resources */,
			);
			buildRules = (
			);
			dependencies = (
				6DE1A422263BD5F20016B16B /* PBXTargetDependency */,
			);
			name = ITLabUITests;
			productName = ITLabUITests;
			productReference = 6DE1A41C263BD5F20016B16B /* ITLabUITests.xctest */;
			productType = "com.apple.product-type.bundle.ui-testing";
		};
/* End PBXNativeTarget section */

/* Begin PBXProject section */
		6D9A0C592518EBAA007796CD /* Project object */ = {
			isa = PBXProject;
			attributes = {
				LastSwiftUpdateCheck = 1240;
				LastUpgradeCheck = 1240;
				TargetAttributes = {
					6D9A0C602518EBAA007796CD = {
						CreatedOnToolsVersion = 12.0;
					};
					6DE1A41B263BD5F20016B16B = {
						CreatedOnToolsVersion = 12.4;
						TestTargetID = 6D9A0C602518EBAA007796CD;
					};
				};
			};
			buildConfigurationList = 6D9A0C5C2518EBAA007796CD /* Build configuration list for PBXProject "ITLab" */;
			compatibilityVersion = "Xcode 9.3";
			developmentRegion = ru;
			hasScannedForEncodings = 0;
			knownRegions = (
				ru,
				Base,
			);
			mainGroup = 6D9A0C582518EBAA007796CD;
			packageReferences = (
				6DDD8217252DF80B008CE80A /* XCRemoteSwiftPackageReference "Alamofire" */,
				6D5074232530F2BA00679B4C /* XCRemoteSwiftPackageReference "Down" */,
				6DF4D03025ECE2AE00C29407 /* XCRemoteSwiftPackageReference "OAuthSwift" */,
				6D2D86092629DE5A00E98E0A /* XCRemoteSwiftPackageReference "ITLab-PushNotification-iOS" */,
			);
			productRefGroup = 6D9A0C622518EBAA007796CD /* Products */;
			projectDirPath = "";
			projectRoot = "";
			targets = (
				6D9A0C602518EBAA007796CD /* ITLab */,
				6DE1A41B263BD5F20016B16B /* ITLabUITests */,
			);
		};
/* End PBXProject section */

/* Begin PBXResourcesBuildPhase section */
		6D9A0C5F2518EBAA007796CD /* Resources */ = {
			isa = PBXResourcesBuildPhase;
			buildActionMask = 2147483647;
			files = (
				6D9A0C6C2518EBB2007796CD /* Preview Assets.xcassets in Resources */,
				6D9A0C692518EBB2007796CD /* Assets.xcassets in Resources */,
				6D2AB28425337AEB00AFCDBB /* DownView.bundle in Resources */,
				6D357CEB2539BF9A000B0F60 /* LaunchScreen.storyboard in Resources */,
			);
			runOnlyForDeploymentPostprocessing = 0;
		};
		6DE1A41A263BD5F20016B16B /* Resources */ = {
			isa = PBXResourcesBuildPhase;
			buildActionMask = 2147483647;
			files = (
			);
			runOnlyForDeploymentPostprocessing = 0;
		};
/* End PBXResourcesBuildPhase section */

/* Begin PBXShellScriptBuildPhase section */
		6D0C7D3F26441C88005DA83E /* SwiftLint */ = {
			isa = PBXShellScriptBuildPhase;
			buildActionMask = 2147483647;
			files = (
			);
			inputFileListPaths = (
			);
			inputPaths = (
			);
			name = SwiftLint;
			outputFileListPaths = (
			);
			outputPaths = (
			);
			runOnlyForDeploymentPostprocessing = 0;
			shellPath = /bin/sh;
			shellScript = "export PATH=\"$PATH:/opt/homebrew/bin\"\n\nif which swiftlint; then\n  swiftlint\nelse\n  echo \"warning: SwiftLint not installed, download from https://github.com/realm/SwiftLint\"\nfi\n";
		};
/* End PBXShellScriptBuildPhase section */

/* Begin PBXSourcesBuildPhase section */
		6D9A0C5D2518EBAA007796CD /* Sources */ = {
			isa = PBXSourcesBuildPhase;
			buildActionMask = 2147483647;
			files = (
				6D5DE58B25B5A16B003ED6DA /* ProfilePage.swift in Sources */,
				6DF4D02D25ECE28D00C29407 /* ASWebAuthenticationSessionURLHandler.swift in Sources */,
				6DF717B525B81AA400F57D2D /* PlaceSalaryView.swift in Sources */,
				6DDD81E2252DF78B008CE80A /* CreateEditPlaceView.swift in Sources */,
				6DDD81DA252DF78B008CE80A /* EquipmentAPI.swift in Sources */,
				6DDD81E4252DF78B008CE80A /* UserPropertyEditRequest.swift in Sources */,
				6DA91A40256283AC00F13191 /* Contact.swift in Sources */,
				6DDD81F6252DF78B008CE80A /* IdRequest.swift in Sources */,
				6DDD81F4252DF78B008CE80A /* EquipmentTypeCreateRequest.swift in Sources */,
				6DDD8200252DF78B008CE80A /* ProblemDetails.swift in Sources */,
				6DDD81ED252DF78B008CE80A /* UserPropertyTypeView.swift in Sources */,
				6DDD820D252DF78B008CE80A /* EventRoleEditRequest.swift in Sources */,
				6DDD81D1252DF78B008CE80A /* AccountAPI.swift in Sources */,
				6DDD8204252DF78B008CE80A /* UserPropertyTypeCreateRequest.swift in Sources */,
				6DB6E84E265D0F67008B9EAD /* ReportsObservable.swift in Sources */,
				6DDD81D4252DF78B008CE80A /* AboutAPI.swift in Sources */,
				6DDD81DF252DF78B008CE80A /* EventRoleView.swift in Sources */,
				6DF717B425B81AA400F57D2D /* ShiftSalaryView.swift in Sources */,
				6DDD81E9252DF78B008CE80A /* RoleView.swift in Sources */,
				6DDD81FD252DF78B008CE80A /* UserAndEventRole.swift in Sources */,
				6DF717B025B81AA400F57D2D /* ShiftSalaryEdit.swift in Sources */,
				6DDD81E7252DF78B008CE80A /* BuildInformation.swift in Sources */,
				6DDD81FC252DF78B008CE80A /* PlaceEditRequest.swift in Sources */,
				6DDD81DE252DF78B008CE80A /* ShiftView.swift in Sources */,
				6DDD81F2252DF78B008CE80A /* EquipmentEditRequest.swift in Sources */,
				6DDD81EE252DF78B008CE80A /* EventTypeEditRequest.swift in Sources */,
				6DDD81E6252DF78B008CE80A /* CompactEquipmentView.swift in Sources */,
				6DDD8213252DF78B008CE80A /* JSONEncodingHelper.swift in Sources */,
				6DEE2DE62554B00A0087D656 /* ShiftUIView.swift in Sources */,
				6DDD81DD252DF78B008CE80A /* APIs.swift in Sources */,
				6DDD81CB252DF78B008CE80A /* UserAPI.swift in Sources */,
				6DD40949265D6A8000917B2C /* Markdown.swift in Sources */,
				6DF0E0FF25496023007D8BC6 /* UsersListPage.swift in Sources */,
				6D00FE6D255014A5000ED344 /* AuthorizationPage.swift in Sources */,
				6DDD81EF252DF78B008CE80A /* ShiftEditRequest.swift in Sources */,
				6D77A1C0252F5EE60086A360 /* EventPage.swift in Sources */,
				6DDD8214252DF78B008CE80A /* Models.swift in Sources */,
				6DDD8206252DF78B008CE80A /* EquipmentTypeView.swift in Sources */,
				6DDD81D5252DF78B008CE80A /* EventRoleAPI.swift in Sources */,
				6DDD81E0252DF78B008CE80A /* RequestResetPasswordRequest.swift in Sources */,
				6DDD81D9252DF78B008CE80A /* VkPropertyAPI.swift in Sources */,
				6DDD820C252DF78B008CE80A /* UsersEventsView.swift in Sources */,
				6D3EC19A264EAA2100DE67D3 /* ColorPaletterView.swift in Sources */,
				6DDD81F8252DF78B008CE80A /* InviteUserRequest.swift in Sources */,
				6DDD81C8252DF78B008CE80A /* APIHelper.swift in Sources */,
				6DDD820E252DF78B008CE80A /* EventApplicationView.swift in Sources */,
				6D3EC19F264EAA9900DE67D3 /* ColorPaletteObservable.swift in Sources */,
				6DF717B725B81AA400F57D2D /* EventSalaryFullView.swift in Sources */,
				6DDD8202252DF78B008CE80A /* PlaceView.swift in Sources */,
				6D2AB2802533686000AFCDBB /* EventDescription.swift in Sources */,
				6DDD8203252DF78B008CE80A /* ResetPasswordRequest.swift in Sources */,
				6DDD8210252DF78B008CE80A /* PlaceCreateRequest.swift in Sources */,
				6D3EC1A4264EB09200DE67D3 /* EventsStack.swift in Sources */,
				6DDD81E5252DF78B008CE80A /* EquipmentCreateRequest.swift in Sources */,
				6DF717BD25B81ABE00F57D2D /* ReportSalaryAPI.swift in Sources */,
				6DB6E850265D21BC008B9EAD /* ReportsPage.swift in Sources */,
				6D0193B52608A58D00346849 /* AppDelegate.swift in Sources */,
				6DB6E852265D37CF008B9EAD /* ReportApprovedModel.swift in Sources */,
				6DEE2DE92554B0C90087D656 /* PlaceUIView.swift in Sources */,
				6DDD8207252DF78B008CE80A /* WisherEventView.swift in Sources */,
				6DDD81E3252DF78B008CE80A /* DeletableRequest.swift in Sources */,
				6DDD81FE252DF78B008CE80A /* AccountEditRequest.swift in Sources */,
				6DDD81F3252DF78B008CE80A /* ShiftCreateRequest.swift in Sources */,
				6D00FE7125501921000ED344 /* ITLabApp.swift in Sources */,
				6DF717B625B81AA400F57D2D /* PlaceSalaryEdit.swift in Sources */,
				6DDD81D6252DF78B008CE80A /* EquipmentTypeAPI.swift in Sources */,
				6DDD81DC252DF78B008CE80A /* JSONEncodableEncoding.swift in Sources */,
				6DF717B125B81AA400F57D2D /* ReportUserSalaryEdit.swift in Sources */,
				6DB50B8E265D004A002AD1FB /* UsersList.swift in Sources */,
				6D18A1E9252C8CE2002B0B3C /* EventsPage.swift in Sources */,
				6DB6E847265D0B89008B9EAD /* ProjectsMenuPage.swift in Sources */,
				6DF717AF25B81AA400F57D2D /* EventSalaryCreateEdit.swift in Sources */,
				6DDD81CF252DF78B008CE80A /* EventTypeAPI.swift in Sources */,
				6DDD81C9252DF78B008CE80A /* AlamofireImplementations.swift in Sources */,
				6DDD81EA252DF78B008CE80A /* GetSummaryRequest.swift in Sources */,
				6DDD81D2252DF78B008CE80A /* UserSettingsAPI.swift in Sources */,
				6DDD81EC252DF78B008CE80A /* CompactEquipmentTypeView.swift in Sources */,
				6DDD81DB252DF78B008CE80A /* CodableHelper.swift in Sources */,
				6DDD81EB252DF78B008CE80A /* UserView.swift in Sources */,
				6DDD81F5252DF78B008CE80A /* EventTypeView.swift in Sources */,
				6DDD81F1252DF78B008CE80A /* EquipmentTypeEditRequest.swift in Sources */,
				6DF4D02825ECE26500C29407 /* OAuthITLab.swift in Sources */,
				6DDD81D7252DF78B008CE80A /* DebugAPI.swift in Sources */,
				6DE117C22549A12E002D500E /* UserPage.swift in Sources */,
				6DDD8205252DF78B008CE80A /* UserSettingPresent.swift in Sources */,
				6DDD81FF252DF78B008CE80A /* UserPropertyView.swift in Sources */,
				6DDD81FB252DF78B008CE80A /* EquipmentView.swift in Sources */,
				6DDD8215252DF78B008CE80A /* Configuration.swift in Sources */,
				6DDD81CD252DF78B008CE80A /* RolesAPI.swift in Sources */,
				6DDD8201252DF78B008CE80A /* CreateEditEventView.swift in Sources */,
				6DDD81E1252DF78B008CE80A /* EventView.swift in Sources */,
				6DDD8208252DF78B008CE80A /* EventCreateRequest.swift in Sources */,
				6DDD81FA252DF78B008CE80A /* VkVerifyRequest.swift in Sources */,
				6DF717B225B81AA400F57D2D /* ReportUserSalaryFullView.swift in Sources */,
				6DB50B8C265D0008002AD1FB /* SearchBar.swift in Sources */,
				6DDD81CE252DF78B008CE80A /* SummaryAPI.swift in Sources */,
				6DDD8212252DF78B008CE80A /* Extensions.swift in Sources */,
				6DB6E84B265D0DA0008B9EAD /* ReportsModel.swift in Sources */,
				6DDD81F0252DF78B008CE80A /* EventRoleCreateRequest.swift in Sources */,
				6DDD820F252DF78B008CE80A /* ChangePasswordRequest.swift in Sources */,
				6DF717BC25B81ABE00F57D2D /* EventSalaryAPI.swift in Sources */,
				6DDD81D8252DF78B008CE80A /* EquipmentUserAPI.swift in Sources */,
				6DDD81D3252DF78B008CE80A /* UserPropertyTypeAPI.swift in Sources */,
				6DDD8211252DF78B008CE80A /* AccountCreateRequest.swift in Sources */,
				6DDD820B252DF78B008CE80A /* CreateEditShiftView.swift in Sources */,
				6DDD81CC252DF78B008CE80A /* EventAPI.swift in Sources */,
				6D18429C252347D100B95EBB /* MainMenu.swift in Sources */,
				6DDD81E8252DF78B008CE80A /* CompactEventView.swift in Sources */,
				6DDD81D0252DF78B008CE80A /* UserPropertyAPI.swift in Sources */,
				6DB6E854265D5B5A008B9EAD /* ReportPage.swift in Sources */,
				6DDD8209252DF78B008CE80A /* PersonWorkRequest.swift in Sources */,
				6DDD820A252DF78B008CE80A /* EventTypeCreateRequest.swift in Sources */,
				6D3EC1A2264EADE600DE67D3 /* EventsObservable.swift in Sources */,
				6DF717B325B81AA400F57D2D /* EventSalaryCompactView.swift in Sources */,
				6DDD81CA252DF78B008CE80A /* JSONValue.swift in Sources */,
				6DDD81F7252DF78B008CE80A /* UserPropertyTypeEditRequest.swift in Sources */,
				6DDD81F9252DF78B008CE80A /* EventEditRequest.swift in Sources */,
			);
			runOnlyForDeploymentPostprocessing = 0;
		};
		6DE1A418263BD5F20016B16B /* Sources */ = {
			isa = PBXSourcesBuildPhase;
			buildActionMask = 2147483647;
			files = (
				6DE1A41F263BD5F20016B16B /* ITLabUITests.swift in Sources */,
			);
			runOnlyForDeploymentPostprocessing = 0;
		};
/* End PBXSourcesBuildPhase section */

/* Begin PBXTargetDependency section */
		6DE1A422263BD5F20016B16B /* PBXTargetDependency */ = {
			isa = PBXTargetDependency;
			target = 6D9A0C602518EBAA007796CD /* ITLab */;
			targetProxy = 6DE1A421263BD5F20016B16B /* PBXContainerItemProxy */;
		};
/* End PBXTargetDependency section */

/* Begin XCBuildConfiguration section */
		6D9A0C6E2518EBB2007796CD /* Debug */ = {
			isa = XCBuildConfiguration;
			baseConfigurationReference = 6D65A7B62541F03D00E918BD /* DebugConfig.xcconfig */;
			buildSettings = {
				ALWAYS_SEARCH_USER_PATHS = NO;
				CLANG_ANALYZER_LOCALIZABILITY_NONLOCALIZED = YES;
				CLANG_ANALYZER_NONNULL = YES;
				CLANG_ANALYZER_NUMBER_OBJECT_CONVERSION = YES_AGGRESSIVE;
				CLANG_CXX_LANGUAGE_STANDARD = "gnu++14";
				CLANG_CXX_LIBRARY = "libc++";
				CLANG_ENABLE_MODULES = YES;
				CLANG_ENABLE_OBJC_ARC = YES;
				CLANG_ENABLE_OBJC_WEAK = YES;
				CLANG_WARN_BLOCK_CAPTURE_AUTORELEASING = YES;
				CLANG_WARN_BOOL_CONVERSION = YES;
				CLANG_WARN_COMMA = YES;
				CLANG_WARN_CONSTANT_CONVERSION = YES;
				CLANG_WARN_DEPRECATED_OBJC_IMPLEMENTATIONS = YES;
				CLANG_WARN_DIRECT_OBJC_ISA_USAGE = YES_ERROR;
				CLANG_WARN_DOCUMENTATION_COMMENTS = YES;
				CLANG_WARN_EMPTY_BODY = YES;
				CLANG_WARN_ENUM_CONVERSION = YES;
				CLANG_WARN_INFINITE_RECURSION = YES;
				CLANG_WARN_INT_CONVERSION = YES;
				CLANG_WARN_NON_LITERAL_NULL_CONVERSION = YES;
				CLANG_WARN_OBJC_IMPLICIT_RETAIN_SELF = YES;
				CLANG_WARN_OBJC_LITERAL_CONVERSION = YES;
				CLANG_WARN_OBJC_ROOT_CLASS = YES_ERROR;
				CLANG_WARN_QUOTED_INCLUDE_IN_FRAMEWORK_HEADER = YES;
				CLANG_WARN_RANGE_LOOP_ANALYSIS = YES;
				CLANG_WARN_STRICT_PROTOTYPES = YES;
				CLANG_WARN_SUSPICIOUS_MOVE = YES;
				CLANG_WARN_UNGUARDED_AVAILABILITY = YES_AGGRESSIVE;
				CLANG_WARN_UNREACHABLE_CODE = YES;
				CLANG_WARN__DUPLICATE_METHOD_MATCH = YES;
				COPY_PHASE_STRIP = NO;
				DEBUG_INFORMATION_FORMAT = dwarf;
				ENABLE_STRICT_OBJC_MSGSEND = YES;
				ENABLE_TESTABILITY = YES;
				GCC_C_LANGUAGE_STANDARD = gnu11;
				GCC_DYNAMIC_NO_PIC = NO;
				GCC_NO_COMMON_BLOCKS = YES;
				GCC_OPTIMIZATION_LEVEL = 0;
				GCC_PREPROCESSOR_DEFINITIONS = (
					"DEBUG=1",
					"$(inherited)",
				);
				GCC_WARN_64_TO_32_BIT_CONVERSION = YES;
				GCC_WARN_ABOUT_RETURN_TYPE = YES_ERROR;
				GCC_WARN_UNDECLARED_SELECTOR = YES;
				GCC_WARN_UNINITIALIZED_AUTOS = YES_AGGRESSIVE;
				GCC_WARN_UNUSED_FUNCTION = YES;
				GCC_WARN_UNUSED_VARIABLE = YES;
				IPHONEOS_DEPLOYMENT_TARGET = 14.0;
				MTL_ENABLE_DEBUG_INFO = INCLUDE_SOURCE;
				MTL_FAST_MATH = YES;
				ONLY_ACTIVE_ARCH = YES;
				SDKROOT = iphoneos;
				SWIFT_ACTIVE_COMPILATION_CONDITIONS = DEBUG;
				SWIFT_OPTIMIZATION_LEVEL = "-Onone";
			};
			name = Debug;
		};
		6D9A0C6F2518EBB2007796CD /* Release */ = {
			isa = XCBuildConfiguration;
			baseConfigurationReference = 6DC9588725420D570064D8EC /* ReleaseConfig.xcconfig */;
			buildSettings = {
				ALWAYS_SEARCH_USER_PATHS = NO;
				CLANG_ANALYZER_LOCALIZABILITY_NONLOCALIZED = YES;
				CLANG_ANALYZER_NONNULL = YES;
				CLANG_ANALYZER_NUMBER_OBJECT_CONVERSION = YES_AGGRESSIVE;
				CLANG_CXX_LANGUAGE_STANDARD = "gnu++14";
				CLANG_CXX_LIBRARY = "libc++";
				CLANG_ENABLE_MODULES = YES;
				CLANG_ENABLE_OBJC_ARC = YES;
				CLANG_ENABLE_OBJC_WEAK = YES;
				CLANG_WARN_BLOCK_CAPTURE_AUTORELEASING = YES;
				CLANG_WARN_BOOL_CONVERSION = YES;
				CLANG_WARN_COMMA = YES;
				CLANG_WARN_CONSTANT_CONVERSION = YES;
				CLANG_WARN_DEPRECATED_OBJC_IMPLEMENTATIONS = YES;
				CLANG_WARN_DIRECT_OBJC_ISA_USAGE = YES_ERROR;
				CLANG_WARN_DOCUMENTATION_COMMENTS = YES;
				CLANG_WARN_EMPTY_BODY = YES;
				CLANG_WARN_ENUM_CONVERSION = YES;
				CLANG_WARN_INFINITE_RECURSION = YES;
				CLANG_WARN_INT_CONVERSION = YES;
				CLANG_WARN_NON_LITERAL_NULL_CONVERSION = YES;
				CLANG_WARN_OBJC_IMPLICIT_RETAIN_SELF = YES;
				CLANG_WARN_OBJC_LITERAL_CONVERSION = YES;
				CLANG_WARN_OBJC_ROOT_CLASS = YES_ERROR;
				CLANG_WARN_QUOTED_INCLUDE_IN_FRAMEWORK_HEADER = YES;
				CLANG_WARN_RANGE_LOOP_ANALYSIS = YES;
				CLANG_WARN_STRICT_PROTOTYPES = YES;
				CLANG_WARN_SUSPICIOUS_MOVE = YES;
				CLANG_WARN_UNGUARDED_AVAILABILITY = YES_AGGRESSIVE;
				CLANG_WARN_UNREACHABLE_CODE = YES;
				CLANG_WARN__DUPLICATE_METHOD_MATCH = YES;
				COPY_PHASE_STRIP = NO;
				DEBUG_INFORMATION_FORMAT = "dwarf-with-dsym";
				ENABLE_NS_ASSERTIONS = NO;
				ENABLE_STRICT_OBJC_MSGSEND = YES;
				GCC_C_LANGUAGE_STANDARD = gnu11;
				GCC_NO_COMMON_BLOCKS = YES;
				GCC_WARN_64_TO_32_BIT_CONVERSION = YES;
				GCC_WARN_ABOUT_RETURN_TYPE = YES_ERROR;
				GCC_WARN_UNDECLARED_SELECTOR = YES;
				GCC_WARN_UNINITIALIZED_AUTOS = YES_AGGRESSIVE;
				GCC_WARN_UNUSED_FUNCTION = YES;
				GCC_WARN_UNUSED_VARIABLE = YES;
				IPHONEOS_DEPLOYMENT_TARGET = 14.0;
				MTL_ENABLE_DEBUG_INFO = NO;
				MTL_FAST_MATH = YES;
				SDKROOT = iphoneos;
				SWIFT_COMPILATION_MODE = wholemodule;
				SWIFT_OPTIMIZATION_LEVEL = "-O";
				VALIDATE_PRODUCT = YES;
			};
			name = Release;
		};
		6D9A0C712518EBB2007796CD /* Debug */ = {
			isa = XCBuildConfiguration;
			buildSettings = {
				ASSETCATALOG_COMPILER_APPICON_NAME = AppIcon;
				ASSETCATALOG_COMPILER_GLOBAL_ACCENT_COLOR_NAME = AccentColor;
				CODE_SIGN_ENTITLEMENTS = ITLab/ITLab.entitlements;
				CODE_SIGN_IDENTITY = "Apple Development";
				CODE_SIGN_STYLE = Automatic;
				CURRENT_PROJECT_VERSION = 51;
				DEVELOPMENT_ASSET_PATHS = "\"ITLab/Preview Content\"";
				DEVELOPMENT_TEAM = ZBVHAA67XK;
				ENABLE_PREVIEWS = YES;
				INFOPLIST_FILE = ITLab/Info.plist;
				IPHONEOS_DEPLOYMENT_TARGET = 14.0;
				LD_RUNPATH_SEARCH_PATHS = (
					"$(inherited)",
					"@executable_path/Frameworks",
				);
				MARKETING_VERSION = 1.5.0;
				PRODUCT_BUNDLE_IDENTIFIER = ru.RTUITLab.ITLab;
				PRODUCT_NAME = "$(TARGET_NAME)";
				PROVISIONING_PROFILE_SPECIFIER = "";
				SWIFT_VERSION = 5.0;
				TARGETED_DEVICE_FAMILY = 1;
			};
			name = Debug;
		};
		6D9A0C722518EBB2007796CD /* Release */ = {
			isa = XCBuildConfiguration;
			buildSettings = {
				ASSETCATALOG_COMPILER_APPICON_NAME = AppIcon;
				ASSETCATALOG_COMPILER_GLOBAL_ACCENT_COLOR_NAME = AccentColor;
				CODE_SIGN_ENTITLEMENTS = ITLab/ITLab.entitlements;
				CODE_SIGN_IDENTITY = "Apple Development";
				CODE_SIGN_STYLE = Automatic;
				CURRENT_PROJECT_VERSION = 51;
				DEVELOPMENT_ASSET_PATHS = "\"ITLab/Preview Content\"";
				DEVELOPMENT_TEAM = ZBVHAA67XK;
				ENABLE_PREVIEWS = YES;
				INFOPLIST_FILE = ITLab/Info.plist;
				IPHONEOS_DEPLOYMENT_TARGET = 14.0;
				LD_RUNPATH_SEARCH_PATHS = (
					"$(inherited)",
					"@executable_path/Frameworks",
				);
				MARKETING_VERSION = 1.5.0;
				PRODUCT_BUNDLE_IDENTIFIER = ru.RTUITLab.ITLab;
				PRODUCT_NAME = "$(TARGET_NAME)";
				PROVISIONING_PROFILE_SPECIFIER = "";
				SWIFT_VERSION = 5.0;
				TARGETED_DEVICE_FAMILY = 1;
			};
			name = Release;
		};
		6DE1A423263BD5F20016B16B /* Debug */ = {
			isa = XCBuildConfiguration;
			buildSettings = {
				CODE_SIGN_STYLE = Automatic;
				DEVELOPMENT_TEAM = ZBVHAA67XK;
				INFOPLIST_FILE = ITLabUITests/Info.plist;
				IPHONEOS_DEPLOYMENT_TARGET = 14.4;
				LD_RUNPATH_SEARCH_PATHS = (
					"$(inherited)",
					"@executable_path/Frameworks",
					"@loader_path/Frameworks",
				);
				PRODUCT_BUNDLE_IDENTIFIER = ru.RTUITLab.ITLabUITests;
				PRODUCT_NAME = "$(TARGET_NAME)";
				SWIFT_VERSION = 5.0;
				TARGETED_DEVICE_FAMILY = "1,2";
				TEST_TARGET_NAME = ITLab;
			};
			name = Debug;
		};
		6DE1A424263BD5F20016B16B /* Release */ = {
			isa = XCBuildConfiguration;
			buildSettings = {
				CODE_SIGN_STYLE = Automatic;
				DEVELOPMENT_TEAM = ZBVHAA67XK;
				INFOPLIST_FILE = ITLabUITests/Info.plist;
				IPHONEOS_DEPLOYMENT_TARGET = 14.4;
				LD_RUNPATH_SEARCH_PATHS = (
					"$(inherited)",
					"@executable_path/Frameworks",
					"@loader_path/Frameworks",
				);
				PRODUCT_BUNDLE_IDENTIFIER = ru.RTUITLab.ITLabUITests;
				PRODUCT_NAME = "$(TARGET_NAME)";
				SWIFT_VERSION = 5.0;
				TARGETED_DEVICE_FAMILY = "1,2";
				TEST_TARGET_NAME = ITLab;
			};
			name = Release;
		};
/* End XCBuildConfiguration section */

/* Begin XCConfigurationList section */
		6D9A0C5C2518EBAA007796CD /* Build configuration list for PBXProject "ITLab" */ = {
			isa = XCConfigurationList;
			buildConfigurations = (
				6D9A0C6E2518EBB2007796CD /* Debug */,
				6D9A0C6F2518EBB2007796CD /* Release */,
			);
			defaultConfigurationIsVisible = 0;
			defaultConfigurationName = Release;
		};
		6D9A0C702518EBB2007796CD /* Build configuration list for PBXNativeTarget "ITLab" */ = {
			isa = XCConfigurationList;
			buildConfigurations = (
				6D9A0C712518EBB2007796CD /* Debug */,
				6D9A0C722518EBB2007796CD /* Release */,
			);
			defaultConfigurationIsVisible = 0;
			defaultConfigurationName = Release;
		};
		6DE1A425263BD5F20016B16B /* Build configuration list for PBXNativeTarget "ITLabUITests" */ = {
			isa = XCConfigurationList;
			buildConfigurations = (
				6DE1A423263BD5F20016B16B /* Debug */,
				6DE1A424263BD5F20016B16B /* Release */,
			);
			defaultConfigurationIsVisible = 0;
			defaultConfigurationName = Release;
		};
/* End XCConfigurationList section */

/* Begin XCRemoteSwiftPackageReference section */
		6D2D86092629DE5A00E98E0A /* XCRemoteSwiftPackageReference "ITLab-PushNotification-iOS" */ = {
			isa = XCRemoteSwiftPackageReference;
			repositoryURL = "https://github.com/RTUITLab/ITLab-PushNotification-iOS";
			requirement = {
				kind = upToNextMajorVersion;
				minimumVersion = 0.1.0;
			};
		};
		6D5074232530F2BA00679B4C /* XCRemoteSwiftPackageReference "Down" */ = {
			isa = XCRemoteSwiftPackageReference;
			repositoryURL = "https://github.com/iwasrobbed/Down";
			requirement = {
				kind = upToNextMajorVersion;
				minimumVersion = 0.9.3;
			};
		};
		6DDD8217252DF80B008CE80A /* XCRemoteSwiftPackageReference "Alamofire" */ = {
			isa = XCRemoteSwiftPackageReference;
			repositoryURL = "https://github.com/Alamofire/Alamofire";
			requirement = {
				kind = upToNextMajorVersion;
				minimumVersion = 5.2.2;
			};
		};
		6DF4D03025ECE2AE00C29407 /* XCRemoteSwiftPackageReference "OAuthSwift" */ = {
			isa = XCRemoteSwiftPackageReference;
			repositoryURL = "https://github.com/OAuthSwift/OAuthSwift";
			requirement = {
				kind = upToNextMajorVersion;
				minimumVersion = 2.1.2;
			};
		};
/* End XCRemoteSwiftPackageReference section */

/* Begin XCSwiftPackageProductDependency section */
		6D2D860A2629DE5A00E98E0A /* PushNotification */ = {
			isa = XCSwiftPackageProductDependency;
			package = 6D2D86092629DE5A00E98E0A /* XCRemoteSwiftPackageReference "ITLab-PushNotification-iOS" */;
			productName = PushNotification;
		};
		6D5074242530F2BA00679B4C /* Down */ = {
			isa = XCSwiftPackageProductDependency;
			package = 6D5074232530F2BA00679B4C /* XCRemoteSwiftPackageReference "Down" */;
			productName = Down;
		};
		6DDD8222252E0726008CE80A /* Alamofire */ = {
			isa = XCSwiftPackageProductDependency;
			package = 6DDD8217252DF80B008CE80A /* XCRemoteSwiftPackageReference "Alamofire" */;
			productName = Alamofire;
		};
		6DF4D03125ECE2AE00C29407 /* OAuthSwift */ = {
			isa = XCSwiftPackageProductDependency;
			package = 6DF4D03025ECE2AE00C29407 /* XCRemoteSwiftPackageReference "OAuthSwift" */;
			productName = OAuthSwift;
		};
/* End XCSwiftPackageProductDependency section */
	};
	rootObject = 6D9A0C592518EBAA007796CD /* Project object */;
}
